// !$*UTF8*$!
{
	archiveVersion = 1;
	classes = {
	};
	objectVersion = 51;
	objects = {

/* Begin PBXBuildFile section */
		705D70E0AF5B5581832A0DC0 /* Pods_AutoCataloguerTests.framework in Frameworks */ = {isa = PBXBuildFile; fileRef = 7DE1BCEDCFAE80AE04EEFE1C /* Pods_AutoCataloguerTests.framework */; };
		A532AAD826E151BC0046355F /* AppDelegate.swift in Sources */ = {isa = PBXBuildFile; fileRef = A532AAD726E151BC0046355F /* AppDelegate.swift */; };
		A532AADA26E151BC0046355F /* SceneDelegate.swift in Sources */ = {isa = PBXBuildFile; fileRef = A532AAD926E151BC0046355F /* SceneDelegate.swift */; };
		A532AADC26E151BC0046355F /* ViewController.swift in Sources */ = {isa = PBXBuildFile; fileRef = A532AADB26E151BC0046355F /* ViewController.swift */; };
		A532AADF26E151BC0046355F /* Main.storyboard in Resources */ = {isa = PBXBuildFile; fileRef = A532AADD26E151BC0046355F /* Main.storyboard */; };
		A532AAE126E151BE0046355F /* Assets.xcassets in Resources */ = {isa = PBXBuildFile; fileRef = A532AAE026E151BE0046355F /* Assets.xcassets */; };
		A532AAE426E151BE0046355F /* LaunchScreen.storyboard in Resources */ = {isa = PBXBuildFile; fileRef = A532AAE226E151BE0046355F /* LaunchScreen.storyboard */; };
		A532AAEF26E151BE0046355F /* AutoCataloguerTests.swift in Sources */ = {isa = PBXBuildFile; fileRef = A532AAEE26E151BE0046355F /* AutoCataloguerTests.swift */; };
		A532AAFA26E151BE0046355F /* AutoCataloguerUITests.swift in Sources */ = {isa = PBXBuildFile; fileRef = A532AAF926E151BE0046355F /* AutoCataloguerUITests.swift */; };
		A532AB1126E154DB0046355F /* Router.swift in Sources */ = {isa = PBXBuildFile; fileRef = A532AB1026E154DB0046355F /* Router.swift */; };
		A532AB1226E154DB0046355F /* Router.swift in Sources */ = {isa = PBXBuildFile; fileRef = A532AB1026E154DB0046355F /* Router.swift */; };
		A532AB1426E155C30046355F /* ModuleBuilder.swift in Sources */ = {isa = PBXBuildFile; fileRef = A532AB1326E155C30046355F /* ModuleBuilder.swift */; };
		A532AB1526E155C30046355F /* ModuleBuilder.swift in Sources */ = {isa = PBXBuildFile; fileRef = A532AB1326E155C30046355F /* ModuleBuilder.swift */; };
		A532AB1826E157DF0046355F /* MainViewController.swift in Sources */ = {isa = PBXBuildFile; fileRef = A532AB1626E157DF0046355F /* MainViewController.swift */; };
		A532AB1926E157DF0046355F /* MainViewController.swift in Sources */ = {isa = PBXBuildFile; fileRef = A532AB1626E157DF0046355F /* MainViewController.swift */; };
		A532AB1A26E157DF0046355F /* MainViewController.xib in Resources */ = {isa = PBXBuildFile; fileRef = A532AB1726E157DF0046355F /* MainViewController.xib */; };
		A532AB1B26E157DF0046355F /* MainViewController.xib in Resources */ = {isa = PBXBuildFile; fileRef = A532AB1726E157DF0046355F /* MainViewController.xib */; };
		A532AB2126E1FF6D0046355F /* MainModulePresenter.swift in Sources */ = {isa = PBXBuildFile; fileRef = A532AB2026E1FF6D0046355F /* MainModulePresenter.swift */; };
		A532AB2226E1FF6D0046355F /* MainModulePresenter.swift in Sources */ = {isa = PBXBuildFile; fileRef = A532AB2026E1FF6D0046355F /* MainModulePresenter.swift */; };
		A532AB2C26E2243D0046355F /* SettingsViewController.swift in Sources */ = {isa = PBXBuildFile; fileRef = A532AB2A26E2243D0046355F /* SettingsViewController.swift */; };
		A532AB2D26E2243D0046355F /* SettingsViewController.swift in Sources */ = {isa = PBXBuildFile; fileRef = A532AB2A26E2243D0046355F /* SettingsViewController.swift */; };
		A532AB2E26E2243D0046355F /* SettingsViewController.xib in Resources */ = {isa = PBXBuildFile; fileRef = A532AB2B26E2243D0046355F /* SettingsViewController.xib */; };
		A532AB2F26E2243D0046355F /* SettingsViewController.xib in Resources */ = {isa = PBXBuildFile; fileRef = A532AB2B26E2243D0046355F /* SettingsViewController.xib */; };
		A532AB3226E224600046355F /* ScanViewController.swift in Sources */ = {isa = PBXBuildFile; fileRef = A532AB3026E224600046355F /* ScanViewController.swift */; };
		A532AB3326E224600046355F /* ScanViewController.swift in Sources */ = {isa = PBXBuildFile; fileRef = A532AB3026E224600046355F /* ScanViewController.swift */; };
		A532AB3426E224600046355F /* ScanViewController.xib in Resources */ = {isa = PBXBuildFile; fileRef = A532AB3126E224600046355F /* ScanViewController.xib */; };
		A532AB3526E224600046355F /* ScanViewController.xib in Resources */ = {isa = PBXBuildFile; fileRef = A532AB3126E224600046355F /* ScanViewController.xib */; };
		A532AB3826E224800046355F /* DataViewController.swift in Sources */ = {isa = PBXBuildFile; fileRef = A532AB3626E224800046355F /* DataViewController.swift */; };
		A532AB3926E224800046355F /* DataViewController.swift in Sources */ = {isa = PBXBuildFile; fileRef = A532AB3626E224800046355F /* DataViewController.swift */; };
		A532AB3A26E224800046355F /* DataViewController.xib in Resources */ = {isa = PBXBuildFile; fileRef = A532AB3726E224800046355F /* DataViewController.xib */; };
		A532AB3B26E224800046355F /* DataViewController.xib in Resources */ = {isa = PBXBuildFile; fileRef = A532AB3726E224800046355F /* DataViewController.xib */; };
		A532AB3D26E228710046355F /* SettingsPresenter.swift in Sources */ = {isa = PBXBuildFile; fileRef = A532AB3C26E228710046355F /* SettingsPresenter.swift */; };
		A532AB3E26E228710046355F /* SettingsPresenter.swift in Sources */ = {isa = PBXBuildFile; fileRef = A532AB3C26E228710046355F /* SettingsPresenter.swift */; };
		A532AB4026E229640046355F /* FireBaseAuthManager.swift in Sources */ = {isa = PBXBuildFile; fileRef = A532AB3F26E229640046355F /* FireBaseAuthManager.swift */; };
		A532AB4126E229640046355F /* FireBaseAuthManager.swift in Sources */ = {isa = PBXBuildFile; fileRef = A532AB3F26E229640046355F /* FireBaseAuthManager.swift */; };
		A532AB4326E229EA0046355F /* CoreDataManager.swift in Sources */ = {isa = PBXBuildFile; fileRef = A532AB4226E229E90046355F /* CoreDataManager.swift */; };
		A532AB4426E229EA0046355F /* CoreDataManager.swift in Sources */ = {isa = PBXBuildFile; fileRef = A532AB4226E229E90046355F /* CoreDataManager.swift */; };
		A532AB4626E22A000046355F /* AlertControllerManager.swift in Sources */ = {isa = PBXBuildFile; fileRef = A532AB4526E22A000046355F /* AlertControllerManager.swift */; };
		A532AB4726E22A000046355F /* AlertControllerManager.swift in Sources */ = {isa = PBXBuildFile; fileRef = A532AB4526E22A000046355F /* AlertControllerManager.swift */; };
		A532AB4926E22A150046355F /* ValidationManager.swift in Sources */ = {isa = PBXBuildFile; fileRef = A532AB4826E22A150046355F /* ValidationManager.swift */; };
		A532AB4A26E22A150046355F /* ValidationManager.swift in Sources */ = {isa = PBXBuildFile; fileRef = A532AB4826E22A150046355F /* ValidationManager.swift */; };
		A532AB4C26E22A2A0046355F /* UserDataManager.swift in Sources */ = {isa = PBXBuildFile; fileRef = A532AB4B26E22A2A0046355F /* UserDataManager.swift */; };
		A532AB4D26E22A2A0046355F /* UserDataManager.swift in Sources */ = {isa = PBXBuildFile; fileRef = A532AB4B26E22A2A0046355F /* UserDataManager.swift */; };
		A532AB4F26E22B910046355F /* GoogleService-Info.plist in Resources */ = {isa = PBXBuildFile; fileRef = A532AB4E26E22B900046355F /* GoogleService-Info.plist */; };
		A532AB5026E22B910046355F /* GoogleService-Info.plist in Resources */ = {isa = PBXBuildFile; fileRef = A532AB4E26E22B900046355F /* GoogleService-Info.plist */; };
		A532AB5226E22C240046355F /* StringTypeList.swift in Sources */ = {isa = PBXBuildFile; fileRef = A532AB5126E22C240046355F /* StringTypeList.swift */; };
		A532AB5326E22C240046355F /* StringTypeList.swift in Sources */ = {isa = PBXBuildFile; fileRef = A532AB5126E22C240046355F /* StringTypeList.swift */; };
		A532AB5526E22C420046355F /* ErrorsList.swift in Sources */ = {isa = PBXBuildFile; fileRef = A532AB5426E22C420046355F /* ErrorsList.swift */; };
		A532AB5626E22C420046355F /* ErrorsList.swift in Sources */ = {isa = PBXBuildFile; fileRef = A532AB5426E22C420046355F /* ErrorsList.swift */; };
		A532AB5D26E656B00046355F /* LoginViewController.swift in Sources */ = {isa = PBXBuildFile; fileRef = A532AB5B26E656B00046355F /* LoginViewController.swift */; };
		A532AB5E26E656B00046355F /* LoginViewController.swift in Sources */ = {isa = PBXBuildFile; fileRef = A532AB5B26E656B00046355F /* LoginViewController.swift */; };
		A532AB5F26E656B00046355F /* LoginViewController.xib in Resources */ = {isa = PBXBuildFile; fileRef = A532AB5C26E656B00046355F /* LoginViewController.xib */; };
		A532AB6026E656B00046355F /* LoginViewController.xib in Resources */ = {isa = PBXBuildFile; fileRef = A532AB5C26E656B00046355F /* LoginViewController.xib */; };
		A532AB6226E656C50046355F /* LoginPresenter.swift in Sources */ = {isa = PBXBuildFile; fileRef = A532AB6126E656C50046355F /* LoginPresenter.swift */; };
		A532AB6326E656C50046355F /* LoginPresenter.swift in Sources */ = {isa = PBXBuildFile; fileRef = A532AB6126E656C50046355F /* LoginPresenter.swift */; };
		A532AB6526E78D4F0046355F /* KeyChainManager.swift in Sources */ = {isa = PBXBuildFile; fileRef = A532AB6426E78D4F0046355F /* KeyChainManager.swift */; };
		A532AB6626E78D4F0046355F /* KeyChainManager.swift in Sources */ = {isa = PBXBuildFile; fileRef = A532AB6426E78D4F0046355F /* KeyChainManager.swift */; };
		A532AB6826E7CC530046355F /* UserAuthDataModel.swift in Sources */ = {isa = PBXBuildFile; fileRef = A532AB6726E7CC530046355F /* UserAuthDataModel.swift */; };
		A532AB6926E7CC530046355F /* UserAuthDataModel.swift in Sources */ = {isa = PBXBuildFile; fileRef = A532AB6726E7CC530046355F /* UserAuthDataModel.swift */; };
		A532AB6B26EBC7210046355F /* CloudFireStoreManager.swift in Sources */ = {isa = PBXBuildFile; fileRef = A532AB6A26EBC7210046355F /* CloudFireStoreManager.swift */; };
		A532AB6E26EBDA1C0046355F /* NSManagedObjectContextManager.swift in Sources */ = {isa = PBXBuildFile; fileRef = A532AB6D26EBDA1C0046355F /* NSManagedObjectContextManager.swift */; };
		A532AB7126EBF0080046355F /* Catalogue.xcdatamodeld in Sources */ = {isa = PBXBuildFile; fileRef = A532AB6F26EBF0080046355F /* Catalogue.xcdatamodeld */; };
		DB2B80BE5889B4D759A1776A /* Pods_AutoCataloguer.framework in Frameworks */ = {isa = PBXBuildFile; fileRef = B2ECA78708E32C472623F07C /* Pods_AutoCataloguer.framework */; };
		DFA766651BB3B674E4F9DCD2 /* Pods_AutoCataloguer_AutoCataloguerUITests.framework in Frameworks */ = {isa = PBXBuildFile; fileRef = 10089C88A8E633C4F9C014C0 /* Pods_AutoCataloguer_AutoCataloguerUITests.framework */; };
/* End PBXBuildFile section */

/* Begin PBXContainerItemProxy section */
		A532AAEB26E151BE0046355F /* PBXContainerItemProxy */ = {
			isa = PBXContainerItemProxy;
			containerPortal = A532AACC26E151BC0046355F /* Project object */;
			proxyType = 1;
			remoteGlobalIDString = A532AAD326E151BC0046355F;
			remoteInfo = AutoCataloguer;
		};
		A532AAF626E151BE0046355F /* PBXContainerItemProxy */ = {
			isa = PBXContainerItemProxy;
			containerPortal = A532AACC26E151BC0046355F /* Project object */;
			proxyType = 1;
			remoteGlobalIDString = A532AAD326E151BC0046355F;
			remoteInfo = AutoCataloguer;
		};
/* End PBXContainerItemProxy section */

/* Begin PBXFileReference section */
		042400D752419D67FF696A62 /* Pods-AutoCataloguer-AutoCataloguerUITests.debug.xcconfig */ = {isa = PBXFileReference; includeInIndex = 1; lastKnownFileType = text.xcconfig; name = "Pods-AutoCataloguer-AutoCataloguerUITests.debug.xcconfig"; path = "Target Support Files/Pods-AutoCataloguer-AutoCataloguerUITests/Pods-AutoCataloguer-AutoCataloguerUITests.debug.xcconfig"; sourceTree = "<group>"; };
		10089C88A8E633C4F9C014C0 /* Pods_AutoCataloguer_AutoCataloguerUITests.framework */ = {isa = PBXFileReference; explicitFileType = wrapper.framework; includeInIndex = 0; path = Pods_AutoCataloguer_AutoCataloguerUITests.framework; sourceTree = BUILT_PRODUCTS_DIR; };
		1342BB342DDF763C42D02E51 /* Pods-AutoCataloguer.debug.xcconfig */ = {isa = PBXFileReference; includeInIndex = 1; lastKnownFileType = text.xcconfig; name = "Pods-AutoCataloguer.debug.xcconfig"; path = "Target Support Files/Pods-AutoCataloguer/Pods-AutoCataloguer.debug.xcconfig"; sourceTree = "<group>"; };
		5BE4FA1A8C313A4E08652C02 /* Pods-AutoCataloguerTests.release.xcconfig */ = {isa = PBXFileReference; includeInIndex = 1; lastKnownFileType = text.xcconfig; name = "Pods-AutoCataloguerTests.release.xcconfig"; path = "Target Support Files/Pods-AutoCataloguerTests/Pods-AutoCataloguerTests.release.xcconfig"; sourceTree = "<group>"; };
		7DE1BCEDCFAE80AE04EEFE1C /* Pods_AutoCataloguerTests.framework */ = {isa = PBXFileReference; explicitFileType = wrapper.framework; includeInIndex = 0; path = Pods_AutoCataloguerTests.framework; sourceTree = BUILT_PRODUCTS_DIR; };
		9AA3667D08560F7DF3ACF6ED /* Pods-AutoCataloguer-AutoCataloguerUITests.release.xcconfig */ = {isa = PBXFileReference; includeInIndex = 1; lastKnownFileType = text.xcconfig; name = "Pods-AutoCataloguer-AutoCataloguerUITests.release.xcconfig"; path = "Target Support Files/Pods-AutoCataloguer-AutoCataloguerUITests/Pods-AutoCataloguer-AutoCataloguerUITests.release.xcconfig"; sourceTree = "<group>"; };
		A532AAD426E151BC0046355F /* AutoCataloguer.app */ = {isa = PBXFileReference; explicitFileType = wrapper.application; includeInIndex = 0; path = AutoCataloguer.app; sourceTree = BUILT_PRODUCTS_DIR; };
		A532AAD726E151BC0046355F /* AppDelegate.swift */ = {isa = PBXFileReference; lastKnownFileType = sourcecode.swift; path = AppDelegate.swift; sourceTree = "<group>"; };
		A532AAD926E151BC0046355F /* SceneDelegate.swift */ = {isa = PBXFileReference; lastKnownFileType = sourcecode.swift; path = SceneDelegate.swift; sourceTree = "<group>"; };
		A532AADB26E151BC0046355F /* ViewController.swift */ = {isa = PBXFileReference; lastKnownFileType = sourcecode.swift; path = ViewController.swift; sourceTree = "<group>"; };
		A532AADE26E151BC0046355F /* Base */ = {isa = PBXFileReference; lastKnownFileType = file.storyboard; name = Base; path = Base.lproj/Main.storyboard; sourceTree = "<group>"; };
		A532AAE026E151BE0046355F /* Assets.xcassets */ = {isa = PBXFileReference; lastKnownFileType = folder.assetcatalog; path = Assets.xcassets; sourceTree = "<group>"; };
		A532AAE326E151BE0046355F /* Base */ = {isa = PBXFileReference; lastKnownFileType = file.storyboard; name = Base; path = Base.lproj/LaunchScreen.storyboard; sourceTree = "<group>"; };
		A532AAE526E151BE0046355F /* Info.plist */ = {isa = PBXFileReference; lastKnownFileType = text.plist.xml; path = Info.plist; sourceTree = "<group>"; };
		A532AAEA26E151BE0046355F /* AutoCataloguerTests.xctest */ = {isa = PBXFileReference; explicitFileType = wrapper.cfbundle; includeInIndex = 0; path = AutoCataloguerTests.xctest; sourceTree = BUILT_PRODUCTS_DIR; };
		A532AAEE26E151BE0046355F /* AutoCataloguerTests.swift */ = {isa = PBXFileReference; lastKnownFileType = sourcecode.swift; path = AutoCataloguerTests.swift; sourceTree = "<group>"; };
		A532AAF026E151BE0046355F /* Info.plist */ = {isa = PBXFileReference; lastKnownFileType = text.plist.xml; path = Info.plist; sourceTree = "<group>"; };
		A532AAF526E151BE0046355F /* AutoCataloguerUITests.xctest */ = {isa = PBXFileReference; explicitFileType = wrapper.cfbundle; includeInIndex = 0; path = AutoCataloguerUITests.xctest; sourceTree = BUILT_PRODUCTS_DIR; };
		A532AAF926E151BE0046355F /* AutoCataloguerUITests.swift */ = {isa = PBXFileReference; lastKnownFileType = sourcecode.swift; path = AutoCataloguerUITests.swift; sourceTree = "<group>"; };
		A532AAFB26E151BE0046355F /* Info.plist */ = {isa = PBXFileReference; lastKnownFileType = text.plist.xml; path = Info.plist; sourceTree = "<group>"; };
		A532AB1026E154DB0046355F /* Router.swift */ = {isa = PBXFileReference; lastKnownFileType = sourcecode.swift; path = Router.swift; sourceTree = "<group>"; };
		A532AB1326E155C30046355F /* ModuleBuilder.swift */ = {isa = PBXFileReference; lastKnownFileType = sourcecode.swift; path = ModuleBuilder.swift; sourceTree = "<group>"; };
		A532AB1626E157DF0046355F /* MainViewController.swift */ = {isa = PBXFileReference; lastKnownFileType = sourcecode.swift; path = MainViewController.swift; sourceTree = "<group>"; };
		A532AB1726E157DF0046355F /* MainViewController.xib */ = {isa = PBXFileReference; lastKnownFileType = file.xib; path = MainViewController.xib; sourceTree = "<group>"; };
		A532AB2026E1FF6D0046355F /* MainModulePresenter.swift */ = {isa = PBXFileReference; lastKnownFileType = sourcecode.swift; path = MainModulePresenter.swift; sourceTree = "<group>"; };
		A532AB2A26E2243D0046355F /* SettingsViewController.swift */ = {isa = PBXFileReference; lastKnownFileType = sourcecode.swift; path = SettingsViewController.swift; sourceTree = "<group>"; };
		A532AB2B26E2243D0046355F /* SettingsViewController.xib */ = {isa = PBXFileReference; lastKnownFileType = file.xib; path = SettingsViewController.xib; sourceTree = "<group>"; };
		A532AB3026E224600046355F /* ScanViewController.swift */ = {isa = PBXFileReference; lastKnownFileType = sourcecode.swift; path = ScanViewController.swift; sourceTree = "<group>"; };
		A532AB3126E224600046355F /* ScanViewController.xib */ = {isa = PBXFileReference; lastKnownFileType = file.xib; path = ScanViewController.xib; sourceTree = "<group>"; };
		A532AB3626E224800046355F /* DataViewController.swift */ = {isa = PBXFileReference; lastKnownFileType = sourcecode.swift; path = DataViewController.swift; sourceTree = "<group>"; };
		A532AB3726E224800046355F /* DataViewController.xib */ = {isa = PBXFileReference; lastKnownFileType = file.xib; path = DataViewController.xib; sourceTree = "<group>"; };
		A532AB3C26E228710046355F /* SettingsPresenter.swift */ = {isa = PBXFileReference; lastKnownFileType = sourcecode.swift; path = SettingsPresenter.swift; sourceTree = "<group>"; };
		A532AB3F26E229640046355F /* FireBaseAuthManager.swift */ = {isa = PBXFileReference; lastKnownFileType = sourcecode.swift; path = FireBaseAuthManager.swift; sourceTree = "<group>"; };
		A532AB4226E229E90046355F /* CoreDataManager.swift */ = {isa = PBXFileReference; lastKnownFileType = sourcecode.swift; path = CoreDataManager.swift; sourceTree = "<group>"; };
		A532AB4526E22A000046355F /* AlertControllerManager.swift */ = {isa = PBXFileReference; lastKnownFileType = sourcecode.swift; path = AlertControllerManager.swift; sourceTree = "<group>"; };
		A532AB4826E22A150046355F /* ValidationManager.swift */ = {isa = PBXFileReference; lastKnownFileType = sourcecode.swift; path = ValidationManager.swift; sourceTree = "<group>"; };
		A532AB4B26E22A2A0046355F /* UserDataManager.swift */ = {isa = PBXFileReference; lastKnownFileType = sourcecode.swift; path = UserDataManager.swift; sourceTree = "<group>"; };
		A532AB4E26E22B900046355F /* GoogleService-Info.plist */ = {isa = PBXFileReference; lastKnownFileType = text.plist; path = "GoogleService-Info.plist"; sourceTree = SOURCE_ROOT; };
		A532AB5126E22C240046355F /* StringTypeList.swift */ = {isa = PBXFileReference; lastKnownFileType = sourcecode.swift; path = StringTypeList.swift; sourceTree = "<group>"; };
		A532AB5426E22C420046355F /* ErrorsList.swift */ = {isa = PBXFileReference; lastKnownFileType = sourcecode.swift; path = ErrorsList.swift; sourceTree = "<group>"; };
		A532AB5B26E656B00046355F /* LoginViewController.swift */ = {isa = PBXFileReference; lastKnownFileType = sourcecode.swift; path = LoginViewController.swift; sourceTree = "<group>"; };
		A532AB5C26E656B00046355F /* LoginViewController.xib */ = {isa = PBXFileReference; lastKnownFileType = file.xib; path = LoginViewController.xib; sourceTree = "<group>"; };
		A532AB6126E656C50046355F /* LoginPresenter.swift */ = {isa = PBXFileReference; lastKnownFileType = sourcecode.swift; path = LoginPresenter.swift; sourceTree = "<group>"; };
		A532AB6426E78D4F0046355F /* KeyChainManager.swift */ = {isa = PBXFileReference; lastKnownFileType = sourcecode.swift; path = KeyChainManager.swift; sourceTree = "<group>"; };
		A532AB6726E7CC530046355F /* UserAuthDataModel.swift */ = {isa = PBXFileReference; lastKnownFileType = sourcecode.swift; path = UserAuthDataModel.swift; sourceTree = "<group>"; };
		A532AB6A26EBC7210046355F /* CloudFireStoreManager.swift */ = {isa = PBXFileReference; lastKnownFileType = sourcecode.swift; path = CloudFireStoreManager.swift; sourceTree = "<group>"; };
		A532AB6D26EBDA1C0046355F /* NSManagedObjectContextManager.swift */ = {isa = PBXFileReference; lastKnownFileType = sourcecode.swift; path = NSManagedObjectContextManager.swift; sourceTree = "<group>"; };
		A532AB7026EBF0080046355F /* Catalogue.xcdatamodel */ = {isa = PBXFileReference; lastKnownFileType = wrapper.xcdatamodel; path = Catalogue.xcdatamodel; sourceTree = "<group>"; };
		B2ECA78708E32C472623F07C /* Pods_AutoCataloguer.framework */ = {isa = PBXFileReference; explicitFileType = wrapper.framework; includeInIndex = 0; path = Pods_AutoCataloguer.framework; sourceTree = BUILT_PRODUCTS_DIR; };
		CF49513C1B1C477A4412E3E6 /* Pods-AutoCataloguer.release.xcconfig */ = {isa = PBXFileReference; includeInIndex = 1; lastKnownFileType = text.xcconfig; name = "Pods-AutoCataloguer.release.xcconfig"; path = "Target Support Files/Pods-AutoCataloguer/Pods-AutoCataloguer.release.xcconfig"; sourceTree = "<group>"; };
		DC90C03E58C02DD56925AA88 /* Pods-AutoCataloguerTests.debug.xcconfig */ = {isa = PBXFileReference; includeInIndex = 1; lastKnownFileType = text.xcconfig; name = "Pods-AutoCataloguerTests.debug.xcconfig"; path = "Target Support Files/Pods-AutoCataloguerTests/Pods-AutoCataloguerTests.debug.xcconfig"; sourceTree = "<group>"; };
/* End PBXFileReference section */

/* Begin PBXFrameworksBuildPhase section */
		A532AAD126E151BC0046355F /* Frameworks */ = {
			isa = PBXFrameworksBuildPhase;
			buildActionMask = 2147483647;
			files = (
				DB2B80BE5889B4D759A1776A /* Pods_AutoCataloguer.framework in Frameworks */,
			);
			runOnlyForDeploymentPostprocessing = 0;
		};
		A532AAE726E151BE0046355F /* Frameworks */ = {
			isa = PBXFrameworksBuildPhase;
			buildActionMask = 2147483647;
			files = (
				705D70E0AF5B5581832A0DC0 /* Pods_AutoCataloguerTests.framework in Frameworks */,
			);
			runOnlyForDeploymentPostprocessing = 0;
		};
		A532AAF226E151BE0046355F /* Frameworks */ = {
			isa = PBXFrameworksBuildPhase;
			buildActionMask = 2147483647;
			files = (
				DFA766651BB3B674E4F9DCD2 /* Pods_AutoCataloguer_AutoCataloguerUITests.framework in Frameworks */,
			);
			runOnlyForDeploymentPostprocessing = 0;
		};
/* End PBXFrameworksBuildPhase section */

/* Begin PBXGroup section */
		A532AACB26E151BC0046355F = {
			isa = PBXGroup;
			children = (
				A532AAD626E151BC0046355F /* AutoCataloguer */,
				A532AAED26E151BE0046355F /* AutoCataloguerTests */,
				A532AAF826E151BE0046355F /* AutoCataloguerUITests */,
				A532AAD526E151BC0046355F /* Products */,
				EED3C5096DDEEFD93F8B9FBC /* Pods */,
				F7B7EE47FD9BD88DBC9D5F6E /* Frameworks */,
			);
			sourceTree = "<group>";
		};
		A532AAD526E151BC0046355F /* Products */ = {
			isa = PBXGroup;
			children = (
				A532AAD426E151BC0046355F /* AutoCataloguer.app */,
				A532AAEA26E151BE0046355F /* AutoCataloguerTests.xctest */,
				A532AAF526E151BE0046355F /* AutoCataloguerUITests.xctest */,
			);
			name = Products;
			sourceTree = "<group>";
		};
		A532AAD626E151BC0046355F /* AutoCataloguer */ = {
			isa = PBXGroup;
			children = (
				A532AAD726E151BC0046355F /* AppDelegate.swift */,
				A532AAD926E151BC0046355F /* SceneDelegate.swift */,
				A532AB0726E153270046355F /* Router */,
				A532AB0926E1533C0046355F /* ModuleBuilder */,
				A532AB0826E153340046355F /* Services */,
				A532AB0A26E1534A0046355F /* MainModule */,
				A532AB0C26E153600046355F /* SettingsModule */,
				A532AB5726E6562C0046355F /* LoginModule */,
				A532AB1C26E1FEF70046355F /* ScanModule */,
				A532AB0B26E153550046355F /* DataModule */,
				A532AB2326E202530046355F /* DataDetailModule */,
				A532AADB26E151BC0046355F /* ViewController.swift */,
				A532AADD26E151BC0046355F /* Main.storyboard */,
				A532AAE026E151BE0046355F /* Assets.xcassets */,
				A532AAE226E151BE0046355F /* LaunchScreen.storyboard */,
				A532AAE526E151BE0046355F /* Info.plist */,
				A532AB4E26E22B900046355F /* GoogleService-Info.plist */,
			);
			path = AutoCataloguer;
			sourceTree = "<group>";
		};
		A532AAED26E151BE0046355F /* AutoCataloguerTests */ = {
			isa = PBXGroup;
			children = (
				A532AAEE26E151BE0046355F /* AutoCataloguerTests.swift */,
				A532AAF026E151BE0046355F /* Info.plist */,
			);
			path = AutoCataloguerTests;
			sourceTree = "<group>";
		};
		A532AAF826E151BE0046355F /* AutoCataloguerUITests */ = {
			isa = PBXGroup;
			children = (
				A532AAF926E151BE0046355F /* AutoCataloguerUITests.swift */,
				A532AAFB26E151BE0046355F /* Info.plist */,
			);
			path = AutoCataloguerUITests;
			sourceTree = "<group>";
		};
		A532AB0726E153270046355F /* Router */ = {
			isa = PBXGroup;
			children = (
				A532AB1026E154DB0046355F /* Router.swift */,
			);
			path = Router;
			sourceTree = "<group>";
		};
		A532AB0826E153340046355F /* Services */ = {
			isa = PBXGroup;
			children = (
				A532AB6C26EBD7FC0046355F /* CoreDataManager */,
				A532AB3F26E229640046355F /* FireBaseAuthManager.swift */,
				A532AB4526E22A000046355F /* AlertControllerManager.swift */,
				A532AB4826E22A150046355F /* ValidationManager.swift */,
				A532AB4B26E22A2A0046355F /* UserDataManager.swift */,
				A532AB5126E22C240046355F /* StringTypeList.swift */,
				A532AB5426E22C420046355F /* ErrorsList.swift */,
				A532AB6426E78D4F0046355F /* KeyChainManager.swift */,
				A532AB6A26EBC7210046355F /* CloudFireStoreManager.swift */,
			);
			path = Services;
			sourceTree = "<group>";
		};
		A532AB0926E1533C0046355F /* ModuleBuilder */ = {
			isa = PBXGroup;
			children = (
				A532AB1326E155C30046355F /* ModuleBuilder.swift */,
			);
			path = ModuleBuilder;
			sourceTree = "<group>";
		};
		A532AB0A26E1534A0046355F /* MainModule */ = {
			isa = PBXGroup;
			children = (
				A532AB0F26E154A20046355F /* Model */,
				A532AB0E26E154960046355F /* View */,
				A532AB0D26E154820046355F /* Presenter */,
			);
			path = MainModule;
			sourceTree = "<group>";
		};
		A532AB0B26E153550046355F /* DataModule */ = {
			isa = PBXGroup;
			children = (
				A532AB2926E223FD0046355F /* View */,
				A532AB2826E223FA0046355F /* Presenter */,
				A532AB2726E223F60046355F /* Model */,
			);
			path = DataModule;
			sourceTree = "<group>";
		};
		A532AB0C26E153600046355F /* SettingsModule */ = {
			isa = PBXGroup;
			children = (
				A532AB2626E223D60046355F /* View */,
				A532AB2526E223C90046355F /* Presenter */,
				A532AB2426E223BE0046355F /* Model */,
			);
			path = SettingsModule;
			sourceTree = "<group>";
		};
		A532AB0D26E154820046355F /* Presenter */ = {
			isa = PBXGroup;
			children = (
				A532AB2026E1FF6D0046355F /* MainModulePresenter.swift */,
			);
			path = Presenter;
			sourceTree = "<group>";
		};
		A532AB0E26E154960046355F /* View */ = {
			isa = PBXGroup;
			children = (
				A532AB1626E157DF0046355F /* MainViewController.swift */,
				A532AB1726E157DF0046355F /* MainViewController.xib */,
			);
			path = View;
			sourceTree = "<group>";
		};
		A532AB0F26E154A20046355F /* Model */ = {
			isa = PBXGroup;
			children = (
			);
			path = Model;
			sourceTree = "<group>";
		};
		A532AB1C26E1FEF70046355F /* ScanModule */ = {
			isa = PBXGroup;
			children = (
				A532AB1E26E1FF190046355F /* View */,
				A532AB1F26E1FF230046355F /* Presenter */,
				A532AB1D26E1FF0B0046355F /* Model */,
			);
			path = ScanModule;
			sourceTree = "<group>";
		};
		A532AB1D26E1FF0B0046355F /* Model */ = {
			isa = PBXGroup;
			children = (
			);
			path = Model;
			sourceTree = "<group>";
		};
		A532AB1E26E1FF190046355F /* View */ = {
			isa = PBXGroup;
			children = (
				A532AB3026E224600046355F /* ScanViewController.swift */,
				A532AB3126E224600046355F /* ScanViewController.xib */,
			);
			path = View;
			sourceTree = "<group>";
		};
		A532AB1F26E1FF230046355F /* Presenter */ = {
			isa = PBXGroup;
			children = (
			);
			path = Presenter;
			sourceTree = "<group>";
		};
		A532AB2326E202530046355F /* DataDetailModule */ = {
			isa = PBXGroup;
			children = (
			);
			path = DataDetailModule;
			sourceTree = "<group>";
		};
		A532AB2426E223BE0046355F /* Model */ = {
			isa = PBXGroup;
			children = (
				A532AB6726E7CC530046355F /* UserAuthDataModel.swift */,
			);
			path = Model;
			sourceTree = "<group>";
		};
		A532AB2526E223C90046355F /* Presenter */ = {
			isa = PBXGroup;
			children = (
				A532AB3C26E228710046355F /* SettingsPresenter.swift */,
			);
			path = Presenter;
			sourceTree = "<group>";
		};
		A532AB2626E223D60046355F /* View */ = {
			isa = PBXGroup;
			children = (
				A532AB2A26E2243D0046355F /* SettingsViewController.swift */,
				A532AB2B26E2243D0046355F /* SettingsViewController.xib */,
			);
			path = View;
			sourceTree = "<group>";
		};
		A532AB2726E223F60046355F /* Model */ = {
			isa = PBXGroup;
			children = (
			);
			path = Model;
			sourceTree = "<group>";
		};
		A532AB2826E223FA0046355F /* Presenter */ = {
			isa = PBXGroup;
			children = (
			);
			path = Presenter;
			sourceTree = "<group>";
		};
		A532AB2926E223FD0046355F /* View */ = {
			isa = PBXGroup;
			children = (
				A532AB3626E224800046355F /* DataViewController.swift */,
				A532AB3726E224800046355F /* DataViewController.xib */,
			);
			path = View;
			sourceTree = "<group>";
		};
		A532AB5726E6562C0046355F /* LoginModule */ = {
			isa = PBXGroup;
			children = (
				A532AB5A26E656780046355F /* View */,
				A532AB5926E6566E0046355F /* Presenter */,
				A532AB5826E656620046355F /* Model */,
			);
			path = LoginModule;
			sourceTree = "<group>";
		};
		A532AB5826E656620046355F /* Model */ = {
			isa = PBXGroup;
			children = (
			);
			path = Model;
			sourceTree = "<group>";
		};
		A532AB5926E6566E0046355F /* Presenter */ = {
			isa = PBXGroup;
			children = (
				A532AB6126E656C50046355F /* LoginPresenter.swift */,
			);
			path = Presenter;
			sourceTree = "<group>";
		};
		A532AB5A26E656780046355F /* View */ = {
			isa = PBXGroup;
			children = (
				A532AB5B26E656B00046355F /* LoginViewController.swift */,
				A532AB5C26E656B00046355F /* LoginViewController.xib */,
			);
			path = View;
			sourceTree = "<group>";
		};
		A532AB6C26EBD7FC0046355F /* CoreDataManager */ = {
			isa = PBXGroup;
			children = (
				A532AB4226E229E90046355F /* CoreDataManager.swift */,
				A532AB6D26EBDA1C0046355F /* NSManagedObjectContextManager.swift */,
				A532AB6F26EBF0080046355F /* Catalogue.xcdatamodeld */,
			);
			path = CoreDataManager;
			sourceTree = "<group>";
		};
		EED3C5096DDEEFD93F8B9FBC /* Pods */ = {
			isa = PBXGroup;
			children = (
				1342BB342DDF763C42D02E51 /* Pods-AutoCataloguer.debug.xcconfig */,
				CF49513C1B1C477A4412E3E6 /* Pods-AutoCataloguer.release.xcconfig */,
				042400D752419D67FF696A62 /* Pods-AutoCataloguer-AutoCataloguerUITests.debug.xcconfig */,
				9AA3667D08560F7DF3ACF6ED /* Pods-AutoCataloguer-AutoCataloguerUITests.release.xcconfig */,
				DC90C03E58C02DD56925AA88 /* Pods-AutoCataloguerTests.debug.xcconfig */,
				5BE4FA1A8C313A4E08652C02 /* Pods-AutoCataloguerTests.release.xcconfig */,
			);
			path = Pods;
			sourceTree = "<group>";
		};
		F7B7EE47FD9BD88DBC9D5F6E /* Frameworks */ = {
			isa = PBXGroup;
			children = (
				B2ECA78708E32C472623F07C /* Pods_AutoCataloguer.framework */,
				10089C88A8E633C4F9C014C0 /* Pods_AutoCataloguer_AutoCataloguerUITests.framework */,
				7DE1BCEDCFAE80AE04EEFE1C /* Pods_AutoCataloguerTests.framework */,
			);
			name = Frameworks;
			sourceTree = "<group>";
		};
/* End PBXGroup section */

/* Begin PBXNativeTarget section */
		A532AAD326E151BC0046355F /* AutoCataloguer */ = {
			isa = PBXNativeTarget;
			buildConfigurationList = A532AAFE26E151BE0046355F /* Build configuration list for PBXNativeTarget "AutoCataloguer" */;
			buildPhases = (
				7D9BDF30D7E52F0CED017893 /* [CP] Check Pods Manifest.lock */,
				A532AAD026E151BC0046355F /* Sources */,
				A532AAD126E151BC0046355F /* Frameworks */,
				A532AAD226E151BC0046355F /* Resources */,
				8200FD82072F5C9C126F47F3 /* [CP] Embed Pods Frameworks */,
				12F5D4541580CCAF25A57955 /* [CP] Copy Pods Resources */,
			);
			buildRules = (
			);
			dependencies = (
			);
			name = AutoCataloguer;
			productName = AutoCataloguer;
			productReference = A532AAD426E151BC0046355F /* AutoCataloguer.app */;
			productType = "com.apple.product-type.application";
		};
		A532AAE926E151BE0046355F /* AutoCataloguerTests */ = {
			isa = PBXNativeTarget;
			buildConfigurationList = A532AB0126E151BE0046355F /* Build configuration list for PBXNativeTarget "AutoCataloguerTests" */;
			buildPhases = (
				2176C72CC99521D456D84B97 /* [CP] Check Pods Manifest.lock */,
				A532AAE626E151BE0046355F /* Sources */,
				A532AAE726E151BE0046355F /* Frameworks */,
				A532AAE826E151BE0046355F /* Resources */,
			);
			buildRules = (
			);
			dependencies = (
				A532AAEC26E151BE0046355F /* PBXTargetDependency */,
			);
			name = AutoCataloguerTests;
			productName = AutoCataloguerTests;
			productReference = A532AAEA26E151BE0046355F /* AutoCataloguerTests.xctest */;
			productType = "com.apple.product-type.bundle.unit-test";
		};
		A532AAF426E151BE0046355F /* AutoCataloguerUITests */ = {
			isa = PBXNativeTarget;
			buildConfigurationList = A532AB0426E151BE0046355F /* Build configuration list for PBXNativeTarget "AutoCataloguerUITests" */;
			buildPhases = (
				3400EA8414E3413DCC6E13DE /* [CP] Check Pods Manifest.lock */,
				A532AAF126E151BE0046355F /* Sources */,
				A532AAF226E151BE0046355F /* Frameworks */,
				A532AAF326E151BE0046355F /* Resources */,
				DF5E65FB497A3C73AF475BAE /* [CP] Embed Pods Frameworks */,
				057FA581603CF594637D0620 /* [CP] Copy Pods Resources */,
			);
			buildRules = (
			);
			dependencies = (
				A532AAF726E151BE0046355F /* PBXTargetDependency */,
			);
			name = AutoCataloguerUITests;
			productName = AutoCataloguerUITests;
			productReference = A532AAF526E151BE0046355F /* AutoCataloguerUITests.xctest */;
			productType = "com.apple.product-type.bundle.ui-testing";
		};
/* End PBXNativeTarget section */

/* Begin PBXProject section */
		A532AACC26E151BC0046355F /* Project object */ = {
			isa = PBXProject;
			attributes = {
				LastSwiftUpdateCheck = 1250;
				LastUpgradeCheck = 1250;
				TargetAttributes = {
					A532AAD326E151BC0046355F = {
						CreatedOnToolsVersion = 12.5.1;
					};
					A532AAE926E151BE0046355F = {
						CreatedOnToolsVersion = 12.5.1;
						TestTargetID = A532AAD326E151BC0046355F;
					};
					A532AAF426E151BE0046355F = {
						CreatedOnToolsVersion = 12.5.1;
						TestTargetID = A532AAD326E151BC0046355F;
					};
				};
			};
			buildConfigurationList = A532AACF26E151BC0046355F /* Build configuration list for PBXProject "AutoCataloguer" */;
			compatibilityVersion = "Xcode 9.3";
			developmentRegion = en;
			hasScannedForEncodings = 0;
			knownRegions = (
				en,
				Base,
			);
			mainGroup = A532AACB26E151BC0046355F;
			productRefGroup = A532AAD526E151BC0046355F /* Products */;
			projectDirPath = "";
			projectRoot = "";
			targets = (
				A532AAD326E151BC0046355F /* AutoCataloguer */,
				A532AAE926E151BE0046355F /* AutoCataloguerTests */,
				A532AAF426E151BE0046355F /* AutoCataloguerUITests */,
			);
		};
/* End PBXProject section */

/* Begin PBXResourcesBuildPhase section */
		A532AAD226E151BC0046355F /* Resources */ = {
			isa = PBXResourcesBuildPhase;
			buildActionMask = 2147483647;
			files = (
				A532AAE426E151BE0046355F /* LaunchScreen.storyboard in Resources */,
				A532AB4F26E22B910046355F /* GoogleService-Info.plist in Resources */,
				A532AB3A26E224800046355F /* DataViewController.xib in Resources */,
				A532AAE126E151BE0046355F /* Assets.xcassets in Resources */,
				A532AADF26E151BC0046355F /* Main.storyboard in Resources */,
				A532AB3426E224600046355F /* ScanViewController.xib in Resources */,
				A532AB1A26E157DF0046355F /* MainViewController.xib in Resources */,
				A532AB2E26E2243D0046355F /* SettingsViewController.xib in Resources */,
				A532AB5F26E656B00046355F /* LoginViewController.xib in Resources */,
			);
			runOnlyForDeploymentPostprocessing = 0;
		};
		A532AAE826E151BE0046355F /* Resources */ = {
			isa = PBXResourcesBuildPhase;
			buildActionMask = 2147483647;
			files = (
				A532AB3B26E224800046355F /* DataViewController.xib in Resources */,
				A532AB3526E224600046355F /* ScanViewController.xib in Resources */,
				A532AB6026E656B00046355F /* LoginViewController.xib in Resources */,
				A532AB5026E22B910046355F /* GoogleService-Info.plist in Resources */,
				A532AB1B26E157DF0046355F /* MainViewController.xib in Resources */,
				A532AB2F26E2243D0046355F /* SettingsViewController.xib in Resources */,
			);
			runOnlyForDeploymentPostprocessing = 0;
		};
		A532AAF326E151BE0046355F /* Resources */ = {
			isa = PBXResourcesBuildPhase;
			buildActionMask = 2147483647;
			files = (
			);
			runOnlyForDeploymentPostprocessing = 0;
		};
/* End PBXResourcesBuildPhase section */

/* Begin PBXShellScriptBuildPhase section */
		057FA581603CF594637D0620 /* [CP] Copy Pods Resources */ = {
			isa = PBXShellScriptBuildPhase;
			buildActionMask = 2147483647;
			files = (
			);
			inputFileListPaths = (
				"${PODS_ROOT}/Target Support Files/Pods-AutoCataloguer-AutoCataloguerUITests/Pods-AutoCataloguer-AutoCataloguerUITests-resources-${CONFIGURATION}-input-files.xcfilelist",
			);
			name = "[CP] Copy Pods Resources";
			outputFileListPaths = (
				"${PODS_ROOT}/Target Support Files/Pods-AutoCataloguer-AutoCataloguerUITests/Pods-AutoCataloguer-AutoCataloguerUITests-resources-${CONFIGURATION}-output-files.xcfilelist",
			);
			runOnlyForDeploymentPostprocessing = 0;
			shellPath = /bin/sh;
			shellScript = "\"${PODS_ROOT}/Target Support Files/Pods-AutoCataloguer-AutoCataloguerUITests/Pods-AutoCataloguer-AutoCataloguerUITests-resources.sh\"\n";
			showEnvVarsInLog = 0;
		};
		12F5D4541580CCAF25A57955 /* [CP] Copy Pods Resources */ = {
			isa = PBXShellScriptBuildPhase;
			buildActionMask = 2147483647;
			files = (
			);
			inputFileListPaths = (
				"${PODS_ROOT}/Target Support Files/Pods-AutoCataloguer/Pods-AutoCataloguer-resources-${CONFIGURATION}-input-files.xcfilelist",
			);
			name = "[CP] Copy Pods Resources";
			outputFileListPaths = (
				"${PODS_ROOT}/Target Support Files/Pods-AutoCataloguer/Pods-AutoCataloguer-resources-${CONFIGURATION}-output-files.xcfilelist",
			);
			runOnlyForDeploymentPostprocessing = 0;
			shellPath = /bin/sh;
			shellScript = "\"${PODS_ROOT}/Target Support Files/Pods-AutoCataloguer/Pods-AutoCataloguer-resources.sh\"\n";
			showEnvVarsInLog = 0;
		};
		2176C72CC99521D456D84B97 /* [CP] Check Pods Manifest.lock */ = {
			isa = PBXShellScriptBuildPhase;
			buildActionMask = 2147483647;
			files = (
			);
			inputFileListPaths = (
			);
			inputPaths = (
				"${PODS_PODFILE_DIR_PATH}/Podfile.lock",
				"${PODS_ROOT}/Manifest.lock",
			);
			name = "[CP] Check Pods Manifest.lock";
			outputFileListPaths = (
			);
			outputPaths = (
				"$(DERIVED_FILE_DIR)/Pods-AutoCataloguerTests-checkManifestLockResult.txt",
			);
			runOnlyForDeploymentPostprocessing = 0;
			shellPath = /bin/sh;
			shellScript = "diff \"${PODS_PODFILE_DIR_PATH}/Podfile.lock\" \"${PODS_ROOT}/Manifest.lock\" > /dev/null\nif [ $? != 0 ] ; then\n    # print error to STDERR\n    echo \"error: The sandbox is not in sync with the Podfile.lock. Run 'pod install' or update your CocoaPods installation.\" >&2\n    exit 1\nfi\n# This output is used by Xcode 'outputs' to avoid re-running this script phase.\necho \"SUCCESS\" > \"${SCRIPT_OUTPUT_FILE_0}\"\n";
			showEnvVarsInLog = 0;
		};
		3400EA8414E3413DCC6E13DE /* [CP] Check Pods Manifest.lock */ = {
			isa = PBXShellScriptBuildPhase;
			buildActionMask = 2147483647;
			files = (
			);
			inputFileListPaths = (
			);
			inputPaths = (
				"${PODS_PODFILE_DIR_PATH}/Podfile.lock",
				"${PODS_ROOT}/Manifest.lock",
			);
			name = "[CP] Check Pods Manifest.lock";
			outputFileListPaths = (
			);
			outputPaths = (
				"$(DERIVED_FILE_DIR)/Pods-AutoCataloguer-AutoCataloguerUITests-checkManifestLockResult.txt",
			);
			runOnlyForDeploymentPostprocessing = 0;
			shellPath = /bin/sh;
			shellScript = "diff \"${PODS_PODFILE_DIR_PATH}/Podfile.lock\" \"${PODS_ROOT}/Manifest.lock\" > /dev/null\nif [ $? != 0 ] ; then\n    # print error to STDERR\n    echo \"error: The sandbox is not in sync with the Podfile.lock. Run 'pod install' or update your CocoaPods installation.\" >&2\n    exit 1\nfi\n# This output is used by Xcode 'outputs' to avoid re-running this script phase.\necho \"SUCCESS\" > \"${SCRIPT_OUTPUT_FILE_0}\"\n";
			showEnvVarsInLog = 0;
		};
		7D9BDF30D7E52F0CED017893 /* [CP] Check Pods Manifest.lock */ = {
			isa = PBXShellScriptBuildPhase;
			buildActionMask = 2147483647;
			files = (
			);
			inputFileListPaths = (
			);
			inputPaths = (
				"${PODS_PODFILE_DIR_PATH}/Podfile.lock",
				"${PODS_ROOT}/Manifest.lock",
			);
			name = "[CP] Check Pods Manifest.lock";
			outputFileListPaths = (
			);
			outputPaths = (
				"$(DERIVED_FILE_DIR)/Pods-AutoCataloguer-checkManifestLockResult.txt",
			);
			runOnlyForDeploymentPostprocessing = 0;
			shellPath = /bin/sh;
			shellScript = "diff \"${PODS_PODFILE_DIR_PATH}/Podfile.lock\" \"${PODS_ROOT}/Manifest.lock\" > /dev/null\nif [ $? != 0 ] ; then\n    # print error to STDERR\n    echo \"error: The sandbox is not in sync with the Podfile.lock. Run 'pod install' or update your CocoaPods installation.\" >&2\n    exit 1\nfi\n# This output is used by Xcode 'outputs' to avoid re-running this script phase.\necho \"SUCCESS\" > \"${SCRIPT_OUTPUT_FILE_0}\"\n";
			showEnvVarsInLog = 0;
		};
		8200FD82072F5C9C126F47F3 /* [CP] Embed Pods Frameworks */ = {
			isa = PBXShellScriptBuildPhase;
			buildActionMask = 2147483647;
			files = (
			);
			inputFileListPaths = (
				"${PODS_ROOT}/Target Support Files/Pods-AutoCataloguer/Pods-AutoCataloguer-frameworks-${CONFIGURATION}-input-files.xcfilelist",
			);
			name = "[CP] Embed Pods Frameworks";
			outputFileListPaths = (
				"${PODS_ROOT}/Target Support Files/Pods-AutoCataloguer/Pods-AutoCataloguer-frameworks-${CONFIGURATION}-output-files.xcfilelist",
			);
			runOnlyForDeploymentPostprocessing = 0;
			shellPath = /bin/sh;
			shellScript = "\"${PODS_ROOT}/Target Support Files/Pods-AutoCataloguer/Pods-AutoCataloguer-frameworks.sh\"\n";
			showEnvVarsInLog = 0;
		};
		DF5E65FB497A3C73AF475BAE /* [CP] Embed Pods Frameworks */ = {
			isa = PBXShellScriptBuildPhase;
			buildActionMask = 2147483647;
			files = (
			);
			inputFileListPaths = (
				"${PODS_ROOT}/Target Support Files/Pods-AutoCataloguer-AutoCataloguerUITests/Pods-AutoCataloguer-AutoCataloguerUITests-frameworks-${CONFIGURATION}-input-files.xcfilelist",
			);
			name = "[CP] Embed Pods Frameworks";
			outputFileListPaths = (
				"${PODS_ROOT}/Target Support Files/Pods-AutoCataloguer-AutoCataloguerUITests/Pods-AutoCataloguer-AutoCataloguerUITests-frameworks-${CONFIGURATION}-output-files.xcfilelist",
			);
			runOnlyForDeploymentPostprocessing = 0;
			shellPath = /bin/sh;
			shellScript = "\"${PODS_ROOT}/Target Support Files/Pods-AutoCataloguer-AutoCataloguerUITests/Pods-AutoCataloguer-AutoCataloguerUITests-frameworks.sh\"\n";
			showEnvVarsInLog = 0;
		};
/* End PBXShellScriptBuildPhase section */

/* Begin PBXSourcesBuildPhase section */
		A532AAD026E151BC0046355F /* Sources */ = {
			isa = PBXSourcesBuildPhase;
			buildActionMask = 2147483647;
			files = (
				A532AB4926E22A150046355F /* ValidationManager.swift in Sources */,
				A532AB1126E154DB0046355F /* Router.swift in Sources */,
				A532AADC26E151BC0046355F /* ViewController.swift in Sources */,
				A532AB6E26EBDA1C0046355F /* NSManagedObjectContextManager.swift in Sources */,
				A532AB6B26EBC7210046355F /* CloudFireStoreManager.swift in Sources */,
				A532AB4026E229640046355F /* FireBaseAuthManager.swift in Sources */,
				A532AB6226E656C50046355F /* LoginPresenter.swift in Sources */,
				A532AB5D26E656B00046355F /* LoginViewController.swift in Sources */,
				A532AB6826E7CC530046355F /* UserAuthDataModel.swift in Sources */,
				A532AB4C26E22A2A0046355F /* UserDataManager.swift in Sources */,
				A532AB3826E224800046355F /* DataViewController.swift in Sources */,
				A532AAD826E151BC0046355F /* AppDelegate.swift in Sources */,
				A532AB1826E157DF0046355F /* MainViewController.swift in Sources */,
				A532AB1426E155C30046355F /* ModuleBuilder.swift in Sources */,
				A532AB4326E229EA0046355F /* CoreDataManager.swift in Sources */,
				A532AB2126E1FF6D0046355F /* MainModulePresenter.swift in Sources */,
				A532AB3D26E228710046355F /* SettingsPresenter.swift in Sources */,
				A532AB7126EBF0080046355F /* Catalogue.xcdatamodeld in Sources */,
				A532AADA26E151BC0046355F /* SceneDelegate.swift in Sources */,
				A532AB5226E22C240046355F /* StringTypeList.swift in Sources */,
				A532AB5526E22C420046355F /* ErrorsList.swift in Sources */,
				A532AB2C26E2243D0046355F /* SettingsViewController.swift in Sources */,
				A532AB4626E22A000046355F /* AlertControllerManager.swift in Sources */,
				A532AB6526E78D4F0046355F /* KeyChainManager.swift in Sources */,
				A532AB3226E224600046355F /* ScanViewController.swift in Sources */,
			);
			runOnlyForDeploymentPostprocessing = 0;
		};
		A532AAE626E151BE0046355F /* Sources */ = {
			isa = PBXSourcesBuildPhase;
			buildActionMask = 2147483647;
			files = (
				A532AB4D26E22A2A0046355F /* UserDataManager.swift in Sources */,
				A532AB1226E154DB0046355F /* Router.swift in Sources */,
				A532AB6926E7CC530046355F /* UserAuthDataModel.swift in Sources */,
				A532AB3326E224600046355F /* ScanViewController.swift in Sources */,
				A532AB4126E229640046355F /* FireBaseAuthManager.swift in Sources */,
				A532AB5626E22C420046355F /* ErrorsList.swift in Sources */,
				A532AAEF26E151BE0046355F /* AutoCataloguerTests.swift in Sources */,
				A532AB1526E155C30046355F /* ModuleBuilder.swift in Sources */,
				A532AB5326E22C240046355F /* StringTypeList.swift in Sources */,
				A532AB3926E224800046355F /* DataViewController.swift in Sources */,
				A532AB3E26E228710046355F /* SettingsPresenter.swift in Sources */,
				A532AB1926E157DF0046355F /* MainViewController.swift in Sources */,
				A532AB2226E1FF6D0046355F /* MainModulePresenter.swift in Sources */,
				A532AB6326E656C50046355F /* LoginPresenter.swift in Sources */,
				A532AB4A26E22A150046355F /* ValidationManager.swift in Sources */,
				A532AB5E26E656B00046355F /* LoginViewController.swift in Sources */,
				A532AB2D26E2243D0046355F /* SettingsViewController.swift in Sources */,
				A532AB4726E22A000046355F /* AlertControllerManager.swift in Sources */,
				A532AB4426E229EA0046355F /* CoreDataManager.swift in Sources */,
				A532AB6626E78D4F0046355F /* KeyChainManager.swift in Sources */,
			);
			runOnlyForDeploymentPostprocessing = 0;
		};
		A532AAF126E151BE0046355F /* Sources */ = {
			isa = PBXSourcesBuildPhase;
			buildActionMask = 2147483647;
			files = (
				A532AAFA26E151BE0046355F /* AutoCataloguerUITests.swift in Sources */,
			);
			runOnlyForDeploymentPostprocessing = 0;
		};
/* End PBXSourcesBuildPhase section */

/* Begin PBXTargetDependency section */
		A532AAEC26E151BE0046355F /* PBXTargetDependency */ = {
			isa = PBXTargetDependency;
			target = A532AAD326E151BC0046355F /* AutoCataloguer */;
			targetProxy = A532AAEB26E151BE0046355F /* PBXContainerItemProxy */;
		};
		A532AAF726E151BE0046355F /* PBXTargetDependency */ = {
			isa = PBXTargetDependency;
			target = A532AAD326E151BC0046355F /* AutoCataloguer */;
			targetProxy = A532AAF626E151BE0046355F /* PBXContainerItemProxy */;
		};
/* End PBXTargetDependency section */

/* Begin PBXVariantGroup section */
		A532AADD26E151BC0046355F /* Main.storyboard */ = {
			isa = PBXVariantGroup;
			children = (
				A532AADE26E151BC0046355F /* Base */,
			);
			name = Main.storyboard;
			sourceTree = "<group>";
		};
		A532AAE226E151BE0046355F /* LaunchScreen.storyboard */ = {
			isa = PBXVariantGroup;
			children = (
				A532AAE326E151BE0046355F /* Base */,
			);
			name = LaunchScreen.storyboard;
			sourceTree = "<group>";
		};
/* End PBXVariantGroup section */

/* Begin XCBuildConfiguration section */
		A532AAFC26E151BE0046355F /* Debug */ = {
			isa = XCBuildConfiguration;
			buildSettings = {
				ALWAYS_SEARCH_USER_PATHS = NO;
				CLANG_ANALYZER_NONNULL = YES;
				CLANG_ANALYZER_NUMBER_OBJECT_CONVERSION = YES_AGGRESSIVE;
				CLANG_CXX_LANGUAGE_STANDARD = "gnu++14";
				CLANG_CXX_LIBRARY = "libc++";
				CLANG_ENABLE_MODULES = YES;
				CLANG_ENABLE_OBJC_ARC = YES;
				CLANG_ENABLE_OBJC_WEAK = YES;
				CLANG_WARN_BLOCK_CAPTURE_AUTORELEASING = YES;
				CLANG_WARN_BOOL_CONVERSION = YES;
				CLANG_WARN_COMMA = YES;
				CLANG_WARN_CONSTANT_CONVERSION = YES;
				CLANG_WARN_DEPRECATED_OBJC_IMPLEMENTATIONS = YES;
				CLANG_WARN_DIRECT_OBJC_ISA_USAGE = YES_ERROR;
				CLANG_WARN_DOCUMENTATION_COMMENTS = YES;
				CLANG_WARN_EMPTY_BODY = YES;
				CLANG_WARN_ENUM_CONVERSION = YES;
				CLANG_WARN_INFINITE_RECURSION = YES;
				CLANG_WARN_INT_CONVERSION = YES;
				CLANG_WARN_NON_LITERAL_NULL_CONVERSION = YES;
				CLANG_WARN_OBJC_IMPLICIT_RETAIN_SELF = YES;
				CLANG_WARN_OBJC_LITERAL_CONVERSION = YES;
				CLANG_WARN_OBJC_ROOT_CLASS = YES_ERROR;
				CLANG_WARN_QUOTED_INCLUDE_IN_FRAMEWORK_HEADER = YES;
				CLANG_WARN_RANGE_LOOP_ANALYSIS = YES;
				CLANG_WARN_STRICT_PROTOTYPES = YES;
				CLANG_WARN_SUSPICIOUS_MOVE = YES;
				CLANG_WARN_UNGUARDED_AVAILABILITY = YES_AGGRESSIVE;
				CLANG_WARN_UNREACHABLE_CODE = YES;
				CLANG_WARN__DUPLICATE_METHOD_MATCH = YES;
				COPY_PHASE_STRIP = NO;
				DEBUG_INFORMATION_FORMAT = dwarf;
				ENABLE_STRICT_OBJC_MSGSEND = YES;
				ENABLE_TESTABILITY = YES;
				"EXCLUDED_ARCHS[sdk=iphonesimulator*]" = arm64;
				GCC_C_LANGUAGE_STANDARD = gnu11;
				GCC_DYNAMIC_NO_PIC = NO;
				GCC_NO_COMMON_BLOCKS = YES;
				GCC_OPTIMIZATION_LEVEL = 0;
				GCC_PREPROCESSOR_DEFINITIONS = (
					"DEBUG=1",
					"$(inherited)",
				);
				GCC_WARN_64_TO_32_BIT_CONVERSION = YES;
				GCC_WARN_ABOUT_RETURN_TYPE = YES_ERROR;
				GCC_WARN_UNDECLARED_SELECTOR = YES;
				GCC_WARN_UNINITIALIZED_AUTOS = YES_AGGRESSIVE;
				GCC_WARN_UNUSED_FUNCTION = YES;
				GCC_WARN_UNUSED_VARIABLE = YES;
				IPHONEOS_DEPLOYMENT_TARGET = 14.5;
				MTL_ENABLE_DEBUG_INFO = INCLUDE_SOURCE;
				MTL_FAST_MATH = YES;
				ONLY_ACTIVE_ARCH = YES;
				SDKROOT = iphoneos;
				SWIFT_ACTIVE_COMPILATION_CONDITIONS = DEBUG;
				SWIFT_OPTIMIZATION_LEVEL = "-Onone";
			};
			name = Debug;
		};
		A532AAFD26E151BE0046355F /* Release */ = {
			isa = XCBuildConfiguration;
			buildSettings = {
				ALWAYS_SEARCH_USER_PATHS = NO;
				CLANG_ANALYZER_NONNULL = YES;
				CLANG_ANALYZER_NUMBER_OBJECT_CONVERSION = YES_AGGRESSIVE;
				CLANG_CXX_LANGUAGE_STANDARD = "gnu++14";
				CLANG_CXX_LIBRARY = "libc++";
				CLANG_ENABLE_MODULES = YES;
				CLANG_ENABLE_OBJC_ARC = YES;
				CLANG_ENABLE_OBJC_WEAK = YES;
				CLANG_WARN_BLOCK_CAPTURE_AUTORELEASING = YES;
				CLANG_WARN_BOOL_CONVERSION = YES;
				CLANG_WARN_COMMA = YES;
				CLANG_WARN_CONSTANT_CONVERSION = YES;
				CLANG_WARN_DEPRECATED_OBJC_IMPLEMENTATIONS = YES;
				CLANG_WARN_DIRECT_OBJC_ISA_USAGE = YES_ERROR;
				CLANG_WARN_DOCUMENTATION_COMMENTS = YES;
				CLANG_WARN_EMPTY_BODY = YES;
				CLANG_WARN_ENUM_CONVERSION = YES;
				CLANG_WARN_INFINITE_RECURSION = YES;
				CLANG_WARN_INT_CONVERSION = YES;
				CLANG_WARN_NON_LITERAL_NULL_CONVERSION = YES;
				CLANG_WARN_OBJC_IMPLICIT_RETAIN_SELF = YES;
				CLANG_WARN_OBJC_LITERAL_CONVERSION = YES;
				CLANG_WARN_OBJC_ROOT_CLASS = YES_ERROR;
				CLANG_WARN_QUOTED_INCLUDE_IN_FRAMEWORK_HEADER = YES;
				CLANG_WARN_RANGE_LOOP_ANALYSIS = YES;
				CLANG_WARN_STRICT_PROTOTYPES = YES;
				CLANG_WARN_SUSPICIOUS_MOVE = YES;
				CLANG_WARN_UNGUARDED_AVAILABILITY = YES_AGGRESSIVE;
				CLANG_WARN_UNREACHABLE_CODE = YES;
				CLANG_WARN__DUPLICATE_METHOD_MATCH = YES;
				COPY_PHASE_STRIP = NO;
				DEBUG_INFORMATION_FORMAT = "dwarf-with-dsym";
				ENABLE_NS_ASSERTIONS = NO;
				ENABLE_STRICT_OBJC_MSGSEND = YES;
				"EXCLUDED_ARCHS[sdk=iphonesimulator*]" = arm64;
				GCC_C_LANGUAGE_STANDARD = gnu11;
				GCC_NO_COMMON_BLOCKS = YES;
				GCC_WARN_64_TO_32_BIT_CONVERSION = YES;
				GCC_WARN_ABOUT_RETURN_TYPE = YES_ERROR;
				GCC_WARN_UNDECLARED_SELECTOR = YES;
				GCC_WARN_UNINITIALIZED_AUTOS = YES_AGGRESSIVE;
				GCC_WARN_UNUSED_FUNCTION = YES;
				GCC_WARN_UNUSED_VARIABLE = YES;
				IPHONEOS_DEPLOYMENT_TARGET = 14.5;
				MTL_ENABLE_DEBUG_INFO = NO;
				MTL_FAST_MATH = YES;
				SDKROOT = iphoneos;
				SWIFT_COMPILATION_MODE = wholemodule;
				SWIFT_OPTIMIZATION_LEVEL = "-O";
				VALIDATE_PRODUCT = YES;
			};
			name = Release;
		};
		A532AAFF26E151BE0046355F /* Debug */ = {
			isa = XCBuildConfiguration;
			baseConfigurationReference = 1342BB342DDF763C42D02E51 /* Pods-AutoCataloguer.debug.xcconfig */;
			buildSettings = {
				ASSETCATALOG_COMPILER_APPICON_NAME = AppIcon;
				ASSETCATALOG_COMPILER_GLOBAL_ACCENT_COLOR_NAME = AccentColor;
				CODE_SIGN_STYLE = Automatic;
				DEVELOPMENT_TEAM = TWQL7PLAUC;
				"EXCLUDED_ARCHS[sdk=iphonesimulator*]" = arm64;
				INFOPLIST_FILE = AutoCataloguer/Info.plist;
				LD_RUNPATH_SEARCH_PATHS = (
					"$(inherited)",
					"@executable_path/Frameworks",
				);
				PRODUCT_BUNDLE_IDENTIFIER = "zvontsov-adadigital.ru.AutoCataloguer";
				PRODUCT_NAME = "$(TARGET_NAME)";
				SWIFT_VERSION = 5.0;
				TARGETED_DEVICE_FAMILY = "1,2";
			};
			name = Debug;
		};
		A532AB0026E151BE0046355F /* Release */ = {
			isa = XCBuildConfiguration;
			baseConfigurationReference = CF49513C1B1C477A4412E3E6 /* Pods-AutoCataloguer.release.xcconfig */;
			buildSettings = {
				ASSETCATALOG_COMPILER_APPICON_NAME = AppIcon;
				ASSETCATALOG_COMPILER_GLOBAL_ACCENT_COLOR_NAME = AccentColor;
				CODE_SIGN_STYLE = Automatic;
				DEVELOPMENT_TEAM = TWQL7PLAUC;
				"EXCLUDED_ARCHS[sdk=iphonesimulator*]" = arm64;
				INFOPLIST_FILE = AutoCataloguer/Info.plist;
				LD_RUNPATH_SEARCH_PATHS = (
					"$(inherited)",
					"@executable_path/Frameworks",
				);
				ONLY_ACTIVE_ARCH = YES;
				PRODUCT_BUNDLE_IDENTIFIER = "zvontsov-adadigital.ru.AutoCataloguer";
				PRODUCT_NAME = "$(TARGET_NAME)";
				SWIFT_VERSION = 5.0;
				TARGETED_DEVICE_FAMILY = "1,2";
			};
			name = Release;
		};
		A532AB0226E151BE0046355F /* Debug */ = {
			isa = XCBuildConfiguration;
			baseConfigurationReference = DC90C03E58C02DD56925AA88 /* Pods-AutoCataloguerTests.debug.xcconfig */;
			buildSettings = {
				ALWAYS_EMBED_SWIFT_STANDARD_LIBRARIES = YES;
				BUNDLE_LOADER = "$(TEST_HOST)";
				CODE_SIGN_STYLE = Automatic;
				DEVELOPMENT_TEAM = TWQL7PLAUC;
				INFOPLIST_FILE = AutoCataloguerTests/Info.plist;
				IPHONEOS_DEPLOYMENT_TARGET = 14.5;
				LD_RUNPATH_SEARCH_PATHS = (
					"$(inherited)",
					"@executable_path/Frameworks",
					"@loader_path/Frameworks",
				);
				PRODUCT_BUNDLE_IDENTIFIER = "zvontsov-adadigital.ru.AutoCataloguerTests";
				PRODUCT_NAME = "$(TARGET_NAME)";
				SWIFT_VERSION = 5.0;
				TARGETED_DEVICE_FAMILY = "1,2";
				TEST_HOST = "$(BUILT_PRODUCTS_DIR)/AutoCataloguer.app/AutoCataloguer";
			};
			name = Debug;
		};
		A532AB0326E151BE0046355F /* Release */ = {
			isa = XCBuildConfiguration;
			baseConfigurationReference = 5BE4FA1A8C313A4E08652C02 /* Pods-AutoCataloguerTests.release.xcconfig */;
			buildSettings = {
				ALWAYS_EMBED_SWIFT_STANDARD_LIBRARIES = YES;
				BUNDLE_LOADER = "$(TEST_HOST)";
				CODE_SIGN_STYLE = Automatic;
				DEVELOPMENT_TEAM = TWQL7PLAUC;
				INFOPLIST_FILE = AutoCataloguerTests/Info.plist;
				IPHONEOS_DEPLOYMENT_TARGET = 14.5;
				LD_RUNPATH_SEARCH_PATHS = (
					"$(inherited)",
					"@executable_path/Frameworks",
					"@loader_path/Frameworks",
				);
				PRODUCT_BUNDLE_IDENTIFIER = "zvontsov-adadigital.ru.AutoCataloguerTests";
				PRODUCT_NAME = "$(TARGET_NAME)";
				SWIFT_VERSION = 5.0;
				TARGETED_DEVICE_FAMILY = "1,2";
				TEST_HOST = "$(BUILT_PRODUCTS_DIR)/AutoCataloguer.app/AutoCataloguer";
			};
			name = Release;
		};
		A532AB0526E151BE0046355F /* Debug */ = {
			isa = XCBuildConfiguration;
			baseConfigurationReference = 042400D752419D67FF696A62 /* Pods-AutoCataloguer-AutoCataloguerUITests.debug.xcconfig */;
			buildSettings = {
				ALWAYS_EMBED_SWIFT_STANDARD_LIBRARIES = YES;
				CODE_SIGN_STYLE = Automatic;
				DEVELOPMENT_TEAM = TWQL7PLAUC;
				INFOPLIST_FILE = AutoCataloguerUITests/Info.plist;
				LD_RUNPATH_SEARCH_PATHS = (
					"$(inherited)",
					"@executable_path/Frameworks",
					"@loader_path/Frameworks",
				);
				PRODUCT_BUNDLE_IDENTIFIER = "zvontsov-adadigital.ru.AutoCataloguerUITests";
				PRODUCT_NAME = "$(TARGET_NAME)";
				SWIFT_VERSION = 5.0;
				TARGETED_DEVICE_FAMILY = "1,2";
				TEST_TARGET_NAME = AutoCataloguer;
			};
			name = Debug;
		};
		A532AB0626E151BE0046355F /* Release */ = {
			isa = XCBuildConfiguration;
			baseConfigurationReference = 9AA3667D08560F7DF3ACF6ED /* Pods-AutoCataloguer-AutoCataloguerUITests.release.xcconfig */;
			buildSettings = {
				ALWAYS_EMBED_SWIFT_STANDARD_LIBRARIES = YES;
				CODE_SIGN_STYLE = Automatic;
				DEVELOPMENT_TEAM = TWQL7PLAUC;
				INFOPLIST_FILE = AutoCataloguerUITests/Info.plist;
				LD_RUNPATH_SEARCH_PATHS = (
					"$(inherited)",
					"@executable_path/Frameworks",
					"@loader_path/Frameworks",
				);
				PRODUCT_BUNDLE_IDENTIFIER = "zvontsov-adadigital.ru.AutoCataloguerUITests";
				PRODUCT_NAME = "$(TARGET_NAME)";
				SWIFT_VERSION = 5.0;
				TARGETED_DEVICE_FAMILY = "1,2";
				TEST_TARGET_NAME = AutoCataloguer;
			};
			name = Release;
		};
/* End XCBuildConfiguration section */

/* Begin XCConfigurationList section */
		A532AACF26E151BC0046355F /* Build configuration list for PBXProject "AutoCataloguer" */ = {
			isa = XCConfigurationList;
			buildConfigurations = (
				A532AAFC26E151BE0046355F /* Debug */,
				A532AAFD26E151BE0046355F /* Release */,
			);
			defaultConfigurationIsVisible = 0;
			defaultConfigurationName = Release;
		};
		A532AAFE26E151BE0046355F /* Build configuration list for PBXNativeTarget "AutoCataloguer" */ = {
			isa = XCConfigurationList;
			buildConfigurations = (
				A532AAFF26E151BE0046355F /* Debug */,
				A532AB0026E151BE0046355F /* Release */,
			);
			defaultConfigurationIsVisible = 0;
			defaultConfigurationName = Release;
		};
		A532AB0126E151BE0046355F /* Build configuration list for PBXNativeTarget "AutoCataloguerTests" */ = {
			isa = XCConfigurationList;
			buildConfigurations = (
				A532AB0226E151BE0046355F /* Debug */,
				A532AB0326E151BE0046355F /* Release */,
			);
			defaultConfigurationIsVisible = 0;
			defaultConfigurationName = Release;
		};
		A532AB0426E151BE0046355F /* Build configuration list for PBXNativeTarget "AutoCataloguerUITests" */ = {
			isa = XCConfigurationList;
			buildConfigurations = (
				A532AB0526E151BE0046355F /* Debug */,
				A532AB0626E151BE0046355F /* Release */,
			);
			defaultConfigurationIsVisible = 0;
			defaultConfigurationName = Release;
		};
/* End XCConfigurationList section */

/* Begin XCVersionGroup section */
		A532AB6F26EBF0080046355F /* Catalogue.xcdatamodeld */ = {
			isa = XCVersionGroup;
			children = (
				A532AB7026EBF0080046355F /* Catalogue.xcdatamodel */,
			);
			currentVersion = A532AB7026EBF0080046355F /* Catalogue.xcdatamodel */;
			path = Catalogue.xcdatamodeld;
			sourceTree = "<group>";
			versionGroupType = wrapper.xcdatamodel;
		};
/* End XCVersionGroup section */
	};
	rootObject = A532AACC26E151BC0046355F /* Project object */;
}
