// !$*UTF8*$!
{
	archiveVersion = 1;
	classes = {
	};
	objectVersion = 51;
	objects = {

/* Begin PBXBuildFile section */
		565EA480CF717596FBD0CA4B /* Pods_AutoCataloguerTests.framework in Frameworks */ = {isa = PBXBuildFile; fileRef = 7DE1BCEDCFAE80AE04EEFE1C /* Pods_AutoCataloguerTests.framework */; };
		A51CFA3126FF3D7500AB1041 /* DataManager.swift in Sources */ = {isa = PBXBuildFile; fileRef = A51CFA3026FF3D7500AB1041 /* DataManager.swift */; };
		A51CFA3826FF9BBC00AB1041 /* DataCustomTableViewCell.swift in Sources */ = {isa = PBXBuildFile; fileRef = A51CFA3626FF9BBC00AB1041 /* DataCustomTableViewCell.swift */; };
		A51CFA3926FF9BBC00AB1041 /* DataCustomTableViewCell.xib in Resources */ = {isa = PBXBuildFile; fileRef = A51CFA3726FF9BBC00AB1041 /* DataCustomTableViewCell.xib */; };
		A520B359286481B90081C47B /* CloudKit.framework in Frameworks */ = {isa = PBXBuildFile; fileRef = A520B358286481B90081C47B /* CloudKit.framework */; };
		A53060032798193400E55A1C /* PhotoViewController.swift in Sources */ = {isa = PBXBuildFile; fileRef = A53060012798193400E55A1C /* PhotoViewController.swift */; };
		A53060042798193400E55A1C /* PhotoViewController.xib in Resources */ = {isa = PBXBuildFile; fileRef = A53060022798193400E55A1C /* PhotoViewController.xib */; };
		A53060062798194900E55A1C /* PhotoPresenter.swift in Sources */ = {isa = PBXBuildFile; fileRef = A53060052798194900E55A1C /* PhotoPresenter.swift */; };
		A532AAD826E151BC0046355F /* AppDelegate.swift in Sources */ = {isa = PBXBuildFile; fileRef = A532AAD726E151BC0046355F /* AppDelegate.swift */; };
		A532AADA26E151BC0046355F /* SceneDelegate.swift in Sources */ = {isa = PBXBuildFile; fileRef = A532AAD926E151BC0046355F /* SceneDelegate.swift */; };
		A532AADC26E151BC0046355F /* ViewController.swift in Sources */ = {isa = PBXBuildFile; fileRef = A532AADB26E151BC0046355F /* ViewController.swift */; };
		A532AADF26E151BC0046355F /* Main.storyboard in Resources */ = {isa = PBXBuildFile; fileRef = A532AADD26E151BC0046355F /* Main.storyboard */; };
		A532AAE126E151BE0046355F /* Assets.xcassets in Resources */ = {isa = PBXBuildFile; fileRef = A532AAE026E151BE0046355F /* Assets.xcassets */; };
		A532AAE426E151BE0046355F /* LaunchScreen.storyboard in Resources */ = {isa = PBXBuildFile; fileRef = A532AAE226E151BE0046355F /* LaunchScreen.storyboard */; };
		A532AB1126E154DB0046355F /* Router.swift in Sources */ = {isa = PBXBuildFile; fileRef = A532AB1026E154DB0046355F /* Router.swift */; };
		A532AB1426E155C30046355F /* ModuleBuilder.swift in Sources */ = {isa = PBXBuildFile; fileRef = A532AB1326E155C30046355F /* ModuleBuilder.swift */; };
		A532AB1826E157DF0046355F /* MainViewController.swift in Sources */ = {isa = PBXBuildFile; fileRef = A532AB1626E157DF0046355F /* MainViewController.swift */; };
		A532AB1A26E157DF0046355F /* MainViewController.xib in Resources */ = {isa = PBXBuildFile; fileRef = A532AB1726E157DF0046355F /* MainViewController.xib */; };
		A532AB2126E1FF6D0046355F /* MainModulePresenter.swift in Sources */ = {isa = PBXBuildFile; fileRef = A532AB2026E1FF6D0046355F /* MainModulePresenter.swift */; };
		A532AB2C26E2243D0046355F /* SettingsViewController.swift in Sources */ = {isa = PBXBuildFile; fileRef = A532AB2A26E2243D0046355F /* SettingsViewController.swift */; };
		A532AB2E26E2243D0046355F /* SettingsViewController.xib in Resources */ = {isa = PBXBuildFile; fileRef = A532AB2B26E2243D0046355F /* SettingsViewController.xib */; };
		A532AB3226E224600046355F /* NewCatalogueViewController.swift in Sources */ = {isa = PBXBuildFile; fileRef = A532AB3026E224600046355F /* NewCatalogueViewController.swift */; };
		A532AB3426E224600046355F /* NewCatalogueViewController.xib in Resources */ = {isa = PBXBuildFile; fileRef = A532AB3126E224600046355F /* NewCatalogueViewController.xib */; };
		A532AB3826E224800046355F /* DataViewController.swift in Sources */ = {isa = PBXBuildFile; fileRef = A532AB3626E224800046355F /* DataViewController.swift */; };
		A532AB3A26E224800046355F /* DataViewController.xib in Resources */ = {isa = PBXBuildFile; fileRef = A532AB3726E224800046355F /* DataViewController.xib */; };
		A532AB3D26E228710046355F /* SettingsPresenter.swift in Sources */ = {isa = PBXBuildFile; fileRef = A532AB3C26E228710046355F /* SettingsPresenter.swift */; };
		A532AB4026E229640046355F /* FireBaseAuthManager.swift in Sources */ = {isa = PBXBuildFile; fileRef = A532AB3F26E229640046355F /* FireBaseAuthManager.swift */; };
		A532AB4326E229EA0046355F /* CoreDataManager.swift in Sources */ = {isa = PBXBuildFile; fileRef = A532AB4226E229E90046355F /* CoreDataManager.swift */; };
		A532AB4626E22A000046355F /* AlertControllerManager.swift in Sources */ = {isa = PBXBuildFile; fileRef = A532AB4526E22A000046355F /* AlertControllerManager.swift */; };
		A532AB4926E22A150046355F /* ValidationManager.swift in Sources */ = {isa = PBXBuildFile; fileRef = A532AB4826E22A150046355F /* ValidationManager.swift */; };
		A532AB4C26E22A2A0046355F /* UserDataManager.swift in Sources */ = {isa = PBXBuildFile; fileRef = A532AB4B26E22A2A0046355F /* UserDataManager.swift */; };
		A532AB4F26E22B910046355F /* GoogleService-Info.plist in Resources */ = {isa = PBXBuildFile; fileRef = A532AB4E26E22B900046355F /* GoogleService-Info.plist */; };
		A532AB5226E22C240046355F /* StringTypeList.swift in Sources */ = {isa = PBXBuildFile; fileRef = A532AB5126E22C240046355F /* StringTypeList.swift */; };
		A532AB5526E22C420046355F /* ErrorsList.swift in Sources */ = {isa = PBXBuildFile; fileRef = A532AB5426E22C420046355F /* ErrorsList.swift */; };
		A532AB5D26E656B00046355F /* LoginViewController.swift in Sources */ = {isa = PBXBuildFile; fileRef = A532AB5B26E656B00046355F /* LoginViewController.swift */; };
		A532AB5F26E656B00046355F /* LoginViewController.xib in Resources */ = {isa = PBXBuildFile; fileRef = A532AB5C26E656B00046355F /* LoginViewController.xib */; };
		A532AB6226E656C50046355F /* LoginPresenter.swift in Sources */ = {isa = PBXBuildFile; fileRef = A532AB6126E656C50046355F /* LoginPresenter.swift */; };
		A532AB6526E78D4F0046355F /* KeyChainManager.swift in Sources */ = {isa = PBXBuildFile; fileRef = A532AB6426E78D4F0046355F /* KeyChainManager.swift */; };
		A532AB6826E7CC530046355F /* UserAuthDataModel.swift in Sources */ = {isa = PBXBuildFile; fileRef = A532AB6726E7CC530046355F /* UserAuthDataModel.swift */; };
		A532AB6E26EBDA1C0046355F /* NSManagedObjectContextManager.swift in Sources */ = {isa = PBXBuildFile; fileRef = A532AB6D26EBDA1C0046355F /* NSManagedObjectContextManager.swift */; };
		A532AB7326FA57E70046355F /* CatalogueElementTypeList.swift in Sources */ = {isa = PBXBuildFile; fileRef = A532AB7226FA57E70046355F /* CatalogueElementTypeList.swift */; };
		A532AB8026FA5F7F0046355F /* NewCataloguePresenter.swift in Sources */ = {isa = PBXBuildFile; fileRef = A532AB7F26FA5F7F0046355F /* NewCataloguePresenter.swift */; };
		A532AB8326FCE7470046355F /* ElementViewController.swift in Sources */ = {isa = PBXBuildFile; fileRef = A532AB8126FCE7470046355F /* ElementViewController.swift */; };
		A532AB8426FCE7470046355F /* ElementViewController.xib in Resources */ = {isa = PBXBuildFile; fileRef = A532AB8226FCE7470046355F /* ElementViewController.xib */; };
		A54A6F1327834F9200AA83A3 /* ElementEditPresenter.swift in Sources */ = {isa = PBXBuildFile; fileRef = A54A6F1227834F9200AA83A3 /* ElementEditPresenter.swift */; };
		A54A6F1627834FB900AA83A3 /* ElementEditViewController.swift in Sources */ = {isa = PBXBuildFile; fileRef = A54A6F1427834FB900AA83A3 /* ElementEditViewController.swift */; };
		A54A6F1727834FB900AA83A3 /* ElementEditViewController.xib in Resources */ = {isa = PBXBuildFile; fileRef = A54A6F1527834FB900AA83A3 /* ElementEditViewController.xib */; };
		A54A6F1B2796EF8D00AA83A3 /* CatalogueModel_18_01_22.xcdatamodeld in Sources */ = {isa = PBXBuildFile; fileRef = A54A6F182796EF8D00AA83A3 /* CatalogueModel_18_01_22.xcdatamodeld */; };
		A550CCB92935EB000007FE28 /* ShareDatabaseModule.swift in Sources */ = {isa = PBXBuildFile; fileRef = A550CCB82935EB000007FE28 /* ShareDatabaseModule.swift */; };
		A550CCBB2935EB210007FE28 /* ShareDatabaseModulePresenter.swift in Sources */ = {isa = PBXBuildFile; fileRef = A550CCBA2935EB210007FE28 /* ShareDatabaseModulePresenter.swift */; };
		A550CCBD293896610007FE28 /* InterfaceProperty.swift in Sources */ = {isa = PBXBuildFile; fileRef = A550CCBC293896610007FE28 /* InterfaceProperty.swift */; };
		A5750C3628C077820096B86B /* UserDataManagerTest.swift in Sources */ = {isa = PBXBuildFile; fileRef = A5750C3528C077820096B86B /* UserDataManagerTest.swift */; };
		A5750C3828CC8C200096B86B /* KeyChainManagerTest.swift in Sources */ = {isa = PBXBuildFile; fileRef = A5750C3728CC8C200096B86B /* KeyChainManagerTest.swift */; };
		A5750C3A28D32A010096B86B /* AlertControllerManagerTest.swift in Sources */ = {isa = PBXBuildFile; fileRef = A5750C3928D32A010096B86B /* AlertControllerManagerTest.swift */; };
		A578982228B7E8C30033D00A /* ValidationManagerTest.swift in Sources */ = {isa = PBXBuildFile; fileRef = A578982128B7E8C30033D00A /* ValidationManagerTest.swift */; };
		A58D614528DC2517005C37D4 /* DataManagerTest.swift in Sources */ = {isa = PBXBuildFile; fileRef = A58D614428DC2517005C37D4 /* DataManagerTest.swift */; };
		A5A6AEA327A000500038F82D /* DisplayedElements.swift in Sources */ = {isa = PBXBuildFile; fileRef = A5A6AEA227A000500038F82D /* DisplayedElements.swift */; };
		A5CBCA2528B7E0FF0058CE06 /* AutoCataloguerTests.swift in Sources */ = {isa = PBXBuildFile; fileRef = A5CBCA2428B7E0FF0058CE06 /* AutoCataloguerTests.swift */; };
		A5CEAF482919885A009EB3F9 /* FireBaseAuthManagerTest.swift in Sources */ = {isa = PBXBuildFile; fileRef = A5CEAF472919885A009EB3F9 /* FireBaseAuthManagerTest.swift */; };
		A5DF44272A02637900491528 /* ShareManager.swift in Sources */ = {isa = PBXBuildFile; fileRef = A5DF44262A02637900491528 /* ShareManager.swift */; };
		A5E844BB26FCE7E200949F62 /* ElementPresenter.swift in Sources */ = {isa = PBXBuildFile; fileRef = A5E844BA26FCE7E200949F62 /* ElementPresenter.swift */; };
		A5E844BE26FCE80300949F62 /* ElementDetailViewController.swift in Sources */ = {isa = PBXBuildFile; fileRef = A5E844BC26FCE80300949F62 /* ElementDetailViewController.swift */; };
		A5E844BF26FCE80300949F62 /* ElementDetailViewController.xib in Resources */ = {isa = PBXBuildFile; fileRef = A5E844BD26FCE80300949F62 /* ElementDetailViewController.xib */; };
		A5E844C126FCE82100949F62 /* ElementDetailPresenter.swift in Sources */ = {isa = PBXBuildFile; fileRef = A5E844C026FCE82100949F62 /* ElementDetailPresenter.swift */; };
		A5E844C426FCE86900949F62 /* DataDetailViewController.swift in Sources */ = {isa = PBXBuildFile; fileRef = A5E844C226FCE86800949F62 /* DataDetailViewController.swift */; };
		A5E844C526FCE86900949F62 /* DataDetailViewController.xib in Resources */ = {isa = PBXBuildFile; fileRef = A5E844C326FCE86900949F62 /* DataDetailViewController.xib */; };
		A5E844C726FCE87900949F62 /* DataDetailPresenter.swift in Sources */ = {isa = PBXBuildFile; fileRef = A5E844C626FCE87900949F62 /* DataDetailPresenter.swift */; };
		A5E844C926FCE8B800949F62 /* DataPresenter.swift in Sources */ = {isa = PBXBuildFile; fileRef = A5E844C826FCE8B800949F62 /* DataPresenter.swift */; };
		A5F6324B270C55C100ADB361 /* EditCatalogueViewController.swift in Sources */ = {isa = PBXBuildFile; fileRef = A5F63249270C55C100ADB361 /* EditCatalogueViewController.swift */; };
		A5F6324C270C55C100ADB361 /* EditCatalogueViewController.xib in Resources */ = {isa = PBXBuildFile; fileRef = A5F6324A270C55C100ADB361 /* EditCatalogueViewController.xib */; };
		A5F6324E270C55E000ADB361 /* EditCataloguePresenter.swift in Sources */ = {isa = PBXBuildFile; fileRef = A5F6324D270C55E000ADB361 /* EditCataloguePresenter.swift */; };
		A5F63251270F497C00ADB361 /* ElementCustomTableViewCell.swift in Sources */ = {isa = PBXBuildFile; fileRef = A5F6324F270F497C00ADB361 /* ElementCustomTableViewCell.swift */; };
		A5F63252270F497C00ADB361 /* ElementCustomTableViewCell.xib in Resources */ = {isa = PBXBuildFile; fileRef = A5F63250270F497C00ADB361 /* ElementCustomTableViewCell.xib */; };
		A5F63258271256F000ADB361 /* NewElementPresenter.swift in Sources */ = {isa = PBXBuildFile; fileRef = A5F63257271256EF00ADB361 /* NewElementPresenter.swift */; };
		A5F6325B2712571400ADB361 /* NewElementViewController.swift in Sources */ = {isa = PBXBuildFile; fileRef = A5F632592712571400ADB361 /* NewElementViewController.swift */; };
		A5F6325C2712571400ADB361 /* NewElementViewController.xib in Resources */ = {isa = PBXBuildFile; fileRef = A5F6325A2712571400ADB361 /* NewElementViewController.xib */; };
		DB2B80BE5889B4D759A1776A /* Pods_AutoCataloguer.framework in Frameworks */ = {isa = PBXBuildFile; fileRef = B2ECA78708E32C472623F07C /* Pods_AutoCataloguer.framework */; };
/* End PBXBuildFile section */

/* Begin PBXContainerItemProxy section */
		A5CBCA2628B7E0FF0058CE06 /* PBXContainerItemProxy */ = {
			isa = PBXContainerItemProxy;
			containerPortal = A532AACC26E151BC0046355F /* Project object */;
			proxyType = 1;
			remoteGlobalIDString = A532AAD326E151BC0046355F;
			remoteInfo = AutoCataloguer;
		};
/* End PBXContainerItemProxy section */

/* Begin PBXFileReference section */
		042400D752419D67FF696A62 /* Pods-AutoCataloguer-AutoCataloguerUITests.debug.xcconfig */ = {isa = PBXFileReference; includeInIndex = 1; lastKnownFileType = text.xcconfig; name = "Pods-AutoCataloguer-AutoCataloguerUITests.debug.xcconfig"; path = "Target Support Files/Pods-AutoCataloguer-AutoCataloguerUITests/Pods-AutoCataloguer-AutoCataloguerUITests.debug.xcconfig"; sourceTree = "<group>"; };
		10089C88A8E633C4F9C014C0 /* Pods_AutoCataloguer_AutoCataloguerUITests.framework */ = {isa = PBXFileReference; explicitFileType = wrapper.framework; includeInIndex = 0; path = Pods_AutoCataloguer_AutoCataloguerUITests.framework; sourceTree = BUILT_PRODUCTS_DIR; };
		1342BB342DDF763C42D02E51 /* Pods-AutoCataloguer.debug.xcconfig */ = {isa = PBXFileReference; includeInIndex = 1; lastKnownFileType = text.xcconfig; name = "Pods-AutoCataloguer.debug.xcconfig"; path = "Target Support Files/Pods-AutoCataloguer/Pods-AutoCataloguer.debug.xcconfig"; sourceTree = "<group>"; };
		5BE4FA1A8C313A4E08652C02 /* Pods-AutoCataloguerTests.release.xcconfig */ = {isa = PBXFileReference; includeInIndex = 1; lastKnownFileType = text.xcconfig; name = "Pods-AutoCataloguerTests.release.xcconfig"; path = "Target Support Files/Pods-AutoCataloguerTests/Pods-AutoCataloguerTests.release.xcconfig"; sourceTree = "<group>"; };
		7DE1BCEDCFAE80AE04EEFE1C /* Pods_AutoCataloguerTests.framework */ = {isa = PBXFileReference; explicitFileType = wrapper.framework; includeInIndex = 0; path = Pods_AutoCataloguerTests.framework; sourceTree = BUILT_PRODUCTS_DIR; };
		9AA3667D08560F7DF3ACF6ED /* Pods-AutoCataloguer-AutoCataloguerUITests.release.xcconfig */ = {isa = PBXFileReference; includeInIndex = 1; lastKnownFileType = text.xcconfig; name = "Pods-AutoCataloguer-AutoCataloguerUITests.release.xcconfig"; path = "Target Support Files/Pods-AutoCataloguer-AutoCataloguerUITests/Pods-AutoCataloguer-AutoCataloguerUITests.release.xcconfig"; sourceTree = "<group>"; };
		A51CFA3026FF3D7500AB1041 /* DataManager.swift */ = {isa = PBXFileReference; lastKnownFileType = sourcecode.swift; path = DataManager.swift; sourceTree = "<group>"; wrapsLines = 1; };
		A51CFA3626FF9BBC00AB1041 /* DataCustomTableViewCell.swift */ = {isa = PBXFileReference; lastKnownFileType = sourcecode.swift; path = DataCustomTableViewCell.swift; sourceTree = "<group>"; };
		A51CFA3726FF9BBC00AB1041 /* DataCustomTableViewCell.xib */ = {isa = PBXFileReference; lastKnownFileType = file.xib; path = DataCustomTableViewCell.xib; sourceTree = "<group>"; };
		A520B357286481AE0081C47B /* AutoCataloguer.entitlements */ = {isa = PBXFileReference; lastKnownFileType = text.plist.entitlements; path = AutoCataloguer.entitlements; sourceTree = "<group>"; };
		A520B358286481B90081C47B /* CloudKit.framework */ = {isa = PBXFileReference; lastKnownFileType = wrapper.framework; name = CloudKit.framework; path = System/Library/Frameworks/CloudKit.framework; sourceTree = SDKROOT; };
		A53060012798193400E55A1C /* PhotoViewController.swift */ = {isa = PBXFileReference; lastKnownFileType = sourcecode.swift; path = PhotoViewController.swift; sourceTree = "<group>"; };
		A53060022798193400E55A1C /* PhotoViewController.xib */ = {isa = PBXFileReference; lastKnownFileType = file.xib; path = PhotoViewController.xib; sourceTree = "<group>"; };
		A53060052798194900E55A1C /* PhotoPresenter.swift */ = {isa = PBXFileReference; lastKnownFileType = sourcecode.swift; path = PhotoPresenter.swift; sourceTree = "<group>"; };
		A532AAD426E151BC0046355F /* AutoCataloguer.app */ = {isa = PBXFileReference; explicitFileType = wrapper.application; includeInIndex = 0; path = AutoCataloguer.app; sourceTree = BUILT_PRODUCTS_DIR; };
		A532AAD726E151BC0046355F /* AppDelegate.swift */ = {isa = PBXFileReference; lastKnownFileType = sourcecode.swift; path = AppDelegate.swift; sourceTree = "<group>"; };
		A532AAD926E151BC0046355F /* SceneDelegate.swift */ = {isa = PBXFileReference; lastKnownFileType = sourcecode.swift; path = SceneDelegate.swift; sourceTree = "<group>"; };
		A532AADB26E151BC0046355F /* ViewController.swift */ = {isa = PBXFileReference; lastKnownFileType = sourcecode.swift; path = ViewController.swift; sourceTree = "<group>"; };
		A532AADE26E151BC0046355F /* Base */ = {isa = PBXFileReference; lastKnownFileType = file.storyboard; name = Base; path = Base.lproj/Main.storyboard; sourceTree = "<group>"; };
		A532AAE026E151BE0046355F /* Assets.xcassets */ = {isa = PBXFileReference; lastKnownFileType = folder.assetcatalog; path = Assets.xcassets; sourceTree = "<group>"; };
		A532AAE326E151BE0046355F /* Base */ = {isa = PBXFileReference; lastKnownFileType = file.storyboard; name = Base; path = Base.lproj/LaunchScreen.storyboard; sourceTree = "<group>"; };
		A532AAE526E151BE0046355F /* Info.plist */ = {isa = PBXFileReference; lastKnownFileType = text.plist.xml; path = Info.plist; sourceTree = "<group>"; };
		A532AB1026E154DB0046355F /* Router.swift */ = {isa = PBXFileReference; lastKnownFileType = sourcecode.swift; path = Router.swift; sourceTree = "<group>"; };
		A532AB1326E155C30046355F /* ModuleBuilder.swift */ = {isa = PBXFileReference; lastKnownFileType = sourcecode.swift; path = ModuleBuilder.swift; sourceTree = "<group>"; };
		A532AB1626E157DF0046355F /* MainViewController.swift */ = {isa = PBXFileReference; lastKnownFileType = sourcecode.swift; path = MainViewController.swift; sourceTree = "<group>"; };
		A532AB1726E157DF0046355F /* MainViewController.xib */ = {isa = PBXFileReference; lastKnownFileType = file.xib; path = MainViewController.xib; sourceTree = "<group>"; };
		A532AB2026E1FF6D0046355F /* MainModulePresenter.swift */ = {isa = PBXFileReference; lastKnownFileType = sourcecode.swift; path = MainModulePresenter.swift; sourceTree = "<group>"; };
		A532AB2A26E2243D0046355F /* SettingsViewController.swift */ = {isa = PBXFileReference; lastKnownFileType = sourcecode.swift; path = SettingsViewController.swift; sourceTree = "<group>"; };
		A532AB2B26E2243D0046355F /* SettingsViewController.xib */ = {isa = PBXFileReference; lastKnownFileType = file.xib; path = SettingsViewController.xib; sourceTree = "<group>"; };
		A532AB3026E224600046355F /* NewCatalogueViewController.swift */ = {isa = PBXFileReference; lastKnownFileType = sourcecode.swift; path = NewCatalogueViewController.swift; sourceTree = "<group>"; };
		A532AB3126E224600046355F /* NewCatalogueViewController.xib */ = {isa = PBXFileReference; lastKnownFileType = file.xib; path = NewCatalogueViewController.xib; sourceTree = "<group>"; };
		A532AB3626E224800046355F /* DataViewController.swift */ = {isa = PBXFileReference; lastKnownFileType = sourcecode.swift; path = DataViewController.swift; sourceTree = "<group>"; };
		A532AB3726E224800046355F /* DataViewController.xib */ = {isa = PBXFileReference; lastKnownFileType = file.xib; path = DataViewController.xib; sourceTree = "<group>"; };
		A532AB3C26E228710046355F /* SettingsPresenter.swift */ = {isa = PBXFileReference; lastKnownFileType = sourcecode.swift; path = SettingsPresenter.swift; sourceTree = "<group>"; };
		A532AB3F26E229640046355F /* FireBaseAuthManager.swift */ = {isa = PBXFileReference; lastKnownFileType = sourcecode.swift; path = FireBaseAuthManager.swift; sourceTree = "<group>"; };
		A532AB4226E229E90046355F /* CoreDataManager.swift */ = {isa = PBXFileReference; lastKnownFileType = sourcecode.swift; path = CoreDataManager.swift; sourceTree = "<group>"; };
		A532AB4526E22A000046355F /* AlertControllerManager.swift */ = {isa = PBXFileReference; lastKnownFileType = sourcecode.swift; path = AlertControllerManager.swift; sourceTree = "<group>"; };
		A532AB4826E22A150046355F /* ValidationManager.swift */ = {isa = PBXFileReference; lastKnownFileType = sourcecode.swift; path = ValidationManager.swift; sourceTree = "<group>"; };
		A532AB4B26E22A2A0046355F /* UserDataManager.swift */ = {isa = PBXFileReference; lastKnownFileType = sourcecode.swift; path = UserDataManager.swift; sourceTree = "<group>"; };
		A532AB4E26E22B900046355F /* GoogleService-Info.plist */ = {isa = PBXFileReference; lastKnownFileType = text.plist; path = "GoogleService-Info.plist"; sourceTree = SOURCE_ROOT; };
		A532AB5126E22C240046355F /* StringTypeList.swift */ = {isa = PBXFileReference; lastKnownFileType = sourcecode.swift; path = StringTypeList.swift; sourceTree = "<group>"; };
		A532AB5426E22C420046355F /* ErrorsList.swift */ = {isa = PBXFileReference; lastKnownFileType = sourcecode.swift; path = ErrorsList.swift; sourceTree = "<group>"; };
		A532AB5B26E656B00046355F /* LoginViewController.swift */ = {isa = PBXFileReference; lastKnownFileType = sourcecode.swift; path = LoginViewController.swift; sourceTree = "<group>"; };
		A532AB5C26E656B00046355F /* LoginViewController.xib */ = {isa = PBXFileReference; lastKnownFileType = file.xib; path = LoginViewController.xib; sourceTree = "<group>"; };
		A532AB6126E656C50046355F /* LoginPresenter.swift */ = {isa = PBXFileReference; lastKnownFileType = sourcecode.swift; path = LoginPresenter.swift; sourceTree = "<group>"; };
		A532AB6426E78D4F0046355F /* KeyChainManager.swift */ = {isa = PBXFileReference; lastKnownFileType = sourcecode.swift; path = KeyChainManager.swift; sourceTree = "<group>"; };
		A532AB6726E7CC530046355F /* UserAuthDataModel.swift */ = {isa = PBXFileReference; lastKnownFileType = sourcecode.swift; path = UserAuthDataModel.swift; sourceTree = "<group>"; };
		A532AB6D26EBDA1C0046355F /* NSManagedObjectContextManager.swift */ = {isa = PBXFileReference; lastKnownFileType = sourcecode.swift; path = NSManagedObjectContextManager.swift; sourceTree = "<group>"; };
		A532AB7226FA57E70046355F /* CatalogueElementTypeList.swift */ = {isa = PBXFileReference; lastKnownFileType = sourcecode.swift; path = CatalogueElementTypeList.swift; sourceTree = "<group>"; };
		A532AB7F26FA5F7F0046355F /* NewCataloguePresenter.swift */ = {isa = PBXFileReference; lastKnownFileType = sourcecode.swift; path = NewCataloguePresenter.swift; sourceTree = "<group>"; };
		A532AB8126FCE7470046355F /* ElementViewController.swift */ = {isa = PBXFileReference; lastKnownFileType = sourcecode.swift; path = ElementViewController.swift; sourceTree = "<group>"; };
		A532AB8226FCE7470046355F /* ElementViewController.xib */ = {isa = PBXFileReference; lastKnownFileType = file.xib; path = ElementViewController.xib; sourceTree = "<group>"; };
		A54A6F1227834F9200AA83A3 /* ElementEditPresenter.swift */ = {isa = PBXFileReference; lastKnownFileType = sourcecode.swift; path = ElementEditPresenter.swift; sourceTree = "<group>"; };
		A54A6F1427834FB900AA83A3 /* ElementEditViewController.swift */ = {isa = PBXFileReference; lastKnownFileType = sourcecode.swift; path = ElementEditViewController.swift; sourceTree = "<group>"; };
		A54A6F1527834FB900AA83A3 /* ElementEditViewController.xib */ = {isa = PBXFileReference; lastKnownFileType = file.xib; path = ElementEditViewController.xib; sourceTree = "<group>"; };
		A54A6F192796EF8D00AA83A3 /* CatalogueModel.xcdatamodel */ = {isa = PBXFileReference; lastKnownFileType = wrapper.xcdatamodel; path = CatalogueModel.xcdatamodel; sourceTree = "<group>"; };
		A54A6F1A2796EF8D00AA83A3 /* CatalogueModel_18_01_ 2.xcdatamodel */ = {isa = PBXFileReference; lastKnownFileType = wrapper.xcdatamodel; path = "CatalogueModel_18_01_ 2.xcdatamodel"; sourceTree = "<group>"; };
		A550CCB82935EB000007FE28 /* ShareDatabaseModule.swift */ = {isa = PBXFileReference; lastKnownFileType = sourcecode.swift; path = ShareDatabaseModule.swift; sourceTree = "<group>"; };
		A550CCBA2935EB210007FE28 /* ShareDatabaseModulePresenter.swift */ = {isa = PBXFileReference; lastKnownFileType = sourcecode.swift; path = ShareDatabaseModulePresenter.swift; sourceTree = "<group>"; };
		A550CCBC293896610007FE28 /* InterfaceProperty.swift */ = {isa = PBXFileReference; lastKnownFileType = sourcecode.swift; path = InterfaceProperty.swift; sourceTree = "<group>"; };
		A5750C3528C077820096B86B /* UserDataManagerTest.swift */ = {isa = PBXFileReference; lastKnownFileType = sourcecode.swift; path = UserDataManagerTest.swift; sourceTree = "<group>"; };
		A5750C3728CC8C200096B86B /* KeyChainManagerTest.swift */ = {isa = PBXFileReference; lastKnownFileType = sourcecode.swift; path = KeyChainManagerTest.swift; sourceTree = "<group>"; };
		A5750C3928D32A010096B86B /* AlertControllerManagerTest.swift */ = {isa = PBXFileReference; lastKnownFileType = sourcecode.swift; path = AlertControllerManagerTest.swift; sourceTree = "<group>"; };
		A578982128B7E8C30033D00A /* ValidationManagerTest.swift */ = {isa = PBXFileReference; lastKnownFileType = sourcecode.swift; path = ValidationManagerTest.swift; sourceTree = "<group>"; };
		A58D614428DC2517005C37D4 /* DataManagerTest.swift */ = {isa = PBXFileReference; lastKnownFileType = sourcecode.swift; path = DataManagerTest.swift; sourceTree = "<group>"; };
		A5A6AEA227A000500038F82D /* DisplayedElements.swift */ = {isa = PBXFileReference; lastKnownFileType = sourcecode.swift; path = DisplayedElements.swift; sourceTree = "<group>"; };
		A5A6AEA427A00DD90038F82D /* CatalogueModel_18_01_ 3.xcdatamodel */ = {isa = PBXFileReference; lastKnownFileType = wrapper.xcdatamodel; path = "CatalogueModel_18_01_ 3.xcdatamodel"; sourceTree = "<group>"; };
		A5CBCA2228B7E0FF0058CE06 /* AutoCataloguerTests.xctest */ = {isa = PBXFileReference; explicitFileType = wrapper.cfbundle; includeInIndex = 0; path = AutoCataloguerTests.xctest; sourceTree = BUILT_PRODUCTS_DIR; };
		A5CBCA2428B7E0FF0058CE06 /* AutoCataloguerTests.swift */ = {isa = PBXFileReference; lastKnownFileType = sourcecode.swift; path = AutoCataloguerTests.swift; sourceTree = "<group>"; };
		A5CEAF472919885A009EB3F9 /* FireBaseAuthManagerTest.swift */ = {isa = PBXFileReference; lastKnownFileType = sourcecode.swift; path = FireBaseAuthManagerTest.swift; sourceTree = "<group>"; };
		A5DF44262A02637900491528 /* ShareManager.swift */ = {isa = PBXFileReference; lastKnownFileType = sourcecode.swift; path = ShareManager.swift; sourceTree = "<group>"; };
		A5E844BA26FCE7E200949F62 /* ElementPresenter.swift */ = {isa = PBXFileReference; lastKnownFileType = sourcecode.swift; path = ElementPresenter.swift; sourceTree = "<group>"; };
		A5E844BC26FCE80300949F62 /* ElementDetailViewController.swift */ = {isa = PBXFileReference; lastKnownFileType = sourcecode.swift; path = ElementDetailViewController.swift; sourceTree = "<group>"; };
		A5E844BD26FCE80300949F62 /* ElementDetailViewController.xib */ = {isa = PBXFileReference; lastKnownFileType = file.xib; path = ElementDetailViewController.xib; sourceTree = "<group>"; };
		A5E844C026FCE82100949F62 /* ElementDetailPresenter.swift */ = {isa = PBXFileReference; lastKnownFileType = sourcecode.swift; path = ElementDetailPresenter.swift; sourceTree = "<group>"; };
		A5E844C226FCE86800949F62 /* DataDetailViewController.swift */ = {isa = PBXFileReference; lastKnownFileType = sourcecode.swift; path = DataDetailViewController.swift; sourceTree = "<group>"; };
		A5E844C326FCE86900949F62 /* DataDetailViewController.xib */ = {isa = PBXFileReference; lastKnownFileType = file.xib; path = DataDetailViewController.xib; sourceTree = "<group>"; };
		A5E844C626FCE87900949F62 /* DataDetailPresenter.swift */ = {isa = PBXFileReference; lastKnownFileType = sourcecode.swift; path = DataDetailPresenter.swift; sourceTree = "<group>"; };
		A5E844C826FCE8B800949F62 /* DataPresenter.swift */ = {isa = PBXFileReference; lastKnownFileType = sourcecode.swift; path = DataPresenter.swift; sourceTree = "<group>"; };
		A5F63249270C55C100ADB361 /* EditCatalogueViewController.swift */ = {isa = PBXFileReference; lastKnownFileType = sourcecode.swift; path = EditCatalogueViewController.swift; sourceTree = "<group>"; };
		A5F6324A270C55C100ADB361 /* EditCatalogueViewController.xib */ = {isa = PBXFileReference; lastKnownFileType = file.xib; path = EditCatalogueViewController.xib; sourceTree = "<group>"; };
		A5F6324D270C55E000ADB361 /* EditCataloguePresenter.swift */ = {isa = PBXFileReference; lastKnownFileType = sourcecode.swift; path = EditCataloguePresenter.swift; sourceTree = "<group>"; };
		A5F6324F270F497C00ADB361 /* ElementCustomTableViewCell.swift */ = {isa = PBXFileReference; lastKnownFileType = sourcecode.swift; path = ElementCustomTableViewCell.swift; sourceTree = "<group>"; };
		A5F63250270F497C00ADB361 /* ElementCustomTableViewCell.xib */ = {isa = PBXFileReference; lastKnownFileType = file.xib; path = ElementCustomTableViewCell.xib; sourceTree = "<group>"; };
		A5F63257271256EF00ADB361 /* NewElementPresenter.swift */ = {isa = PBXFileReference; lastKnownFileType = sourcecode.swift; path = NewElementPresenter.swift; sourceTree = "<group>"; };
		A5F632592712571400ADB361 /* NewElementViewController.swift */ = {isa = PBXFileReference; lastKnownFileType = sourcecode.swift; path = NewElementViewController.swift; sourceTree = "<group>"; };
		A5F6325A2712571400ADB361 /* NewElementViewController.xib */ = {isa = PBXFileReference; lastKnownFileType = file.xib; path = NewElementViewController.xib; sourceTree = "<group>"; };
		B2ECA78708E32C472623F07C /* Pods_AutoCataloguer.framework */ = {isa = PBXFileReference; explicitFileType = wrapper.framework; includeInIndex = 0; path = Pods_AutoCataloguer.framework; sourceTree = BUILT_PRODUCTS_DIR; };
		CF49513C1B1C477A4412E3E6 /* Pods-AutoCataloguer.release.xcconfig */ = {isa = PBXFileReference; includeInIndex = 1; lastKnownFileType = text.xcconfig; name = "Pods-AutoCataloguer.release.xcconfig"; path = "Target Support Files/Pods-AutoCataloguer/Pods-AutoCataloguer.release.xcconfig"; sourceTree = "<group>"; };
		DC90C03E58C02DD56925AA88 /* Pods-AutoCataloguerTests.debug.xcconfig */ = {isa = PBXFileReference; includeInIndex = 1; lastKnownFileType = text.xcconfig; name = "Pods-AutoCataloguerTests.debug.xcconfig"; path = "Target Support Files/Pods-AutoCataloguerTests/Pods-AutoCataloguerTests.debug.xcconfig"; sourceTree = "<group>"; };
/* End PBXFileReference section */

/* Begin PBXFrameworksBuildPhase section */
		A532AAD126E151BC0046355F /* Frameworks */ = {
			isa = PBXFrameworksBuildPhase;
			buildActionMask = 2147483647;
			files = (
				DB2B80BE5889B4D759A1776A /* Pods_AutoCataloguer.framework in Frameworks */,
				A520B359286481B90081C47B /* CloudKit.framework in Frameworks */,
			);
			runOnlyForDeploymentPostprocessing = 0;
		};
		A5CBCA1F28B7E0FF0058CE06 /* Frameworks */ = {
			isa = PBXFrameworksBuildPhase;
			buildActionMask = 2147483647;
			files = (
				565EA480CF717596FBD0CA4B /* Pods_AutoCataloguerTests.framework in Frameworks */,
			);
			runOnlyForDeploymentPostprocessing = 0;
		};
/* End PBXFrameworksBuildPhase section */

/* Begin PBXGroup section */
		A5305FFC279818D200E55A1C /* PhotoModule */ = {
			isa = PBXGroup;
			children = (
				A53060002798190E00E55A1C /* Presenter */,
				A5305FFD279818F600E55A1C /* View */,
			);
			path = PhotoModule;
			sourceTree = "<group>";
		};
		A5305FFD279818F600E55A1C /* View */ = {
			isa = PBXGroup;
			children = (
				A53060012798193400E55A1C /* PhotoViewController.swift */,
				A53060022798193400E55A1C /* PhotoViewController.xib */,
			);
			path = View;
			sourceTree = "<group>";
		};
		A53060002798190E00E55A1C /* Presenter */ = {
			isa = PBXGroup;
			children = (
				A53060052798194900E55A1C /* PhotoPresenter.swift */,
			);
			path = Presenter;
			sourceTree = "<group>";
		};
		A532AACB26E151BC0046355F = {
			isa = PBXGroup;
			children = (
				A532AAD626E151BC0046355F /* AutoCataloguer */,
				A5CBCA2328B7E0FF0058CE06 /* AutoCataloguerTests */,
				A532AAD526E151BC0046355F /* Products */,
				EED3C5096DDEEFD93F8B9FBC /* Pods */,
				F7B7EE47FD9BD88DBC9D5F6E /* Frameworks */,
			);
			sourceTree = "<group>";
		};
		A532AAD526E151BC0046355F /* Products */ = {
			isa = PBXGroup;
			children = (
				A532AAD426E151BC0046355F /* AutoCataloguer.app */,
				A5CBCA2228B7E0FF0058CE06 /* AutoCataloguerTests.xctest */,
			);
			name = Products;
			sourceTree = "<group>";
		};
		A532AAD626E151BC0046355F /* AutoCataloguer */ = {
			isa = PBXGroup;
			children = (
				A520B357286481AE0081C47B /* AutoCataloguer.entitlements */,
				A532AAD726E151BC0046355F /* AppDelegate.swift */,
				A532AAD926E151BC0046355F /* SceneDelegate.swift */,
				A532AB0726E153270046355F /* Router */,
				A532AB0926E1533C0046355F /* ModuleBuilder */,
				A532AB0826E153340046355F /* Services */,
				A532AB0A26E1534A0046355F /* MainModule */,
				A532AB0C26E153600046355F /* SettingsModule */,
				A532AB5726E6562C0046355F /* LoginModule */,
				A532AB1C26E1FEF70046355F /* NewCatalogueModule */,
				A5F63245270C554E00ADB361 /* EditCatalogueModule */,
				A532AB0B26E153550046355F /* DataModule */,
				A532AB7426FA5E310046355F /* ElementsModule */,
				A5F63253271256A800ADB361 /* NewElementModule */,
				A532AB2326E202530046355F /* DataDetailModule */,
				A532AB7526FA5E470046355F /* ElementDetailModule */,
				A54A6F0E27834F2200AA83A3 /* ElementEditModule */,
				A550CCB42935EA440007FE28 /* ShareDatabaseModule */,
				A5305FFC279818D200E55A1C /* PhotoModule */,
				A532AADD26E151BC0046355F /* Main.storyboard */,
				A532AADB26E151BC0046355F /* ViewController.swift */,
				A532AAE026E151BE0046355F /* Assets.xcassets */,
				A532AAE226E151BE0046355F /* LaunchScreen.storyboard */,
				A532AAE526E151BE0046355F /* Info.plist */,
				A532AB4E26E22B900046355F /* GoogleService-Info.plist */,
			);
			path = AutoCataloguer;
			sourceTree = "<group>";
		};
		A532AB0726E153270046355F /* Router */ = {
			isa = PBXGroup;
			children = (
				A532AB1026E154DB0046355F /* Router.swift */,
			);
			path = Router;
			sourceTree = "<group>";
		};
		A532AB0826E153340046355F /* Services */ = {
			isa = PBXGroup;
			children = (
				A532AB6C26EBD7FC0046355F /* CoreDataManager */,
				A532AB3F26E229640046355F /* FireBaseAuthManager.swift */,
				A5DF44262A02637900491528 /* ShareManager.swift */,
				A532AB4526E22A000046355F /* AlertControllerManager.swift */,
				A532AB4826E22A150046355F /* ValidationManager.swift */,
				A532AB4B26E22A2A0046355F /* UserDataManager.swift */,
				A532AB5126E22C240046355F /* StringTypeList.swift */,
				A550CCBC293896610007FE28 /* InterfaceProperty.swift */,
				A532AB5426E22C420046355F /* ErrorsList.swift */,
				A5A6AEA227A000500038F82D /* DisplayedElements.swift */,
				A532AB6426E78D4F0046355F /* KeyChainManager.swift */,
				A51CFA3026FF3D7500AB1041 /* DataManager.swift */,
			);
			path = Services;
			sourceTree = "<group>";
		};
		A532AB0926E1533C0046355F /* ModuleBuilder */ = {
			isa = PBXGroup;
			children = (
				A532AB1326E155C30046355F /* ModuleBuilder.swift */,
			);
			path = ModuleBuilder;
			sourceTree = "<group>";
		};
		A532AB0A26E1534A0046355F /* MainModule */ = {
			isa = PBXGroup;
			children = (
				A532AB0D26E154820046355F /* Presenter */,
				A532AB0F26E154A20046355F /* Model */,
				A532AB0E26E154960046355F /* View */,
			);
			path = MainModule;
			sourceTree = "<group>";
		};
		A532AB0B26E153550046355F /* DataModule */ = {
			isa = PBXGroup;
			children = (
				A532AB2926E223FD0046355F /* View */,
				A532AB2826E223FA0046355F /* Presenter */,
				A532AB2726E223F60046355F /* Model */,
			);
			path = DataModule;
			sourceTree = "<group>";
		};
		A532AB0C26E153600046355F /* SettingsModule */ = {
			isa = PBXGroup;
			children = (
				A532AB2626E223D60046355F /* View */,
				A532AB2526E223C90046355F /* Presenter */,
				A532AB2426E223BE0046355F /* Model */,
			);
			path = SettingsModule;
			sourceTree = "<group>";
		};
		A532AB0D26E154820046355F /* Presenter */ = {
			isa = PBXGroup;
			children = (
				A532AB2026E1FF6D0046355F /* MainModulePresenter.swift */,
			);
			path = Presenter;
			sourceTree = "<group>";
		};
		A532AB0E26E154960046355F /* View */ = {
			isa = PBXGroup;
			children = (
				A532AB1626E157DF0046355F /* MainViewController.swift */,
				A532AB1726E157DF0046355F /* MainViewController.xib */,
			);
			path = View;
			sourceTree = "<group>";
		};
		A532AB0F26E154A20046355F /* Model */ = {
			isa = PBXGroup;
			children = (
			);
			path = Model;
			sourceTree = "<group>";
		};
		A532AB1C26E1FEF70046355F /* NewCatalogueModule */ = {
			isa = PBXGroup;
			children = (
				A532AB1E26E1FF190046355F /* View */,
				A532AB1F26E1FF230046355F /* Presenter */,
				A532AB1D26E1FF0B0046355F /* Model */,
			);
			path = NewCatalogueModule;
			sourceTree = "<group>";
		};
		A532AB1D26E1FF0B0046355F /* Model */ = {
			isa = PBXGroup;
			children = (
			);
			path = Model;
			sourceTree = "<group>";
		};
		A532AB1E26E1FF190046355F /* View */ = {
			isa = PBXGroup;
			children = (
				A532AB3026E224600046355F /* NewCatalogueViewController.swift */,
				A532AB3126E224600046355F /* NewCatalogueViewController.xib */,
			);
			path = View;
			sourceTree = "<group>";
		};
		A532AB1F26E1FF230046355F /* Presenter */ = {
			isa = PBXGroup;
			children = (
				A532AB7F26FA5F7F0046355F /* NewCataloguePresenter.swift */,
			);
			path = Presenter;
			sourceTree = "<group>";
		};
		A532AB2326E202530046355F /* DataDetailModule */ = {
			isa = PBXGroup;
			children = (
				A532AB7C26FA5EBC0046355F /* Model */,
				A532AB7D26FA5EC40046355F /* Presenter */,
				A532AB7E26FA5ECE0046355F /* View */,
			);
			path = DataDetailModule;
			sourceTree = "<group>";
		};
		A532AB2426E223BE0046355F /* Model */ = {
			isa = PBXGroup;
			children = (
				A532AB6726E7CC530046355F /* UserAuthDataModel.swift */,
			);
			path = Model;
			sourceTree = "<group>";
		};
		A532AB2526E223C90046355F /* Presenter */ = {
			isa = PBXGroup;
			children = (
				A532AB3C26E228710046355F /* SettingsPresenter.swift */,
			);
			path = Presenter;
			sourceTree = "<group>";
		};
		A532AB2626E223D60046355F /* View */ = {
			isa = PBXGroup;
			children = (
				A532AB2A26E2243D0046355F /* SettingsViewController.swift */,
				A532AB2B26E2243D0046355F /* SettingsViewController.xib */,
			);
			path = View;
			sourceTree = "<group>";
		};
		A532AB2726E223F60046355F /* Model */ = {
			isa = PBXGroup;
			children = (
			);
			path = Model;
			sourceTree = "<group>";
		};
		A532AB2826E223FA0046355F /* Presenter */ = {
			isa = PBXGroup;
			children = (
				A5E844C826FCE8B800949F62 /* DataPresenter.swift */,
			);
			path = Presenter;
			sourceTree = "<group>";
		};
		A532AB2926E223FD0046355F /* View */ = {
			isa = PBXGroup;
			children = (
				A532AB3626E224800046355F /* DataViewController.swift */,
				A51CFA3626FF9BBC00AB1041 /* DataCustomTableViewCell.swift */,
				A532AB3726E224800046355F /* DataViewController.xib */,
				A51CFA3726FF9BBC00AB1041 /* DataCustomTableViewCell.xib */,
			);
			path = View;
			sourceTree = "<group>";
		};
		A532AB5726E6562C0046355F /* LoginModule */ = {
			isa = PBXGroup;
			children = (
				A532AB5A26E656780046355F /* View */,
				A532AB5926E6566E0046355F /* Presenter */,
				A532AB5826E656620046355F /* Model */,
			);
			path = LoginModule;
			sourceTree = "<group>";
		};
		A532AB5826E656620046355F /* Model */ = {
			isa = PBXGroup;
			children = (
			);
			path = Model;
			sourceTree = "<group>";
		};
		A532AB5926E6566E0046355F /* Presenter */ = {
			isa = PBXGroup;
			children = (
				A532AB6126E656C50046355F /* LoginPresenter.swift */,
			);
			path = Presenter;
			sourceTree = "<group>";
		};
		A532AB5A26E656780046355F /* View */ = {
			isa = PBXGroup;
			children = (
				A532AB5B26E656B00046355F /* LoginViewController.swift */,
				A532AB5C26E656B00046355F /* LoginViewController.xib */,
			);
			path = View;
			sourceTree = "<group>";
		};
		A532AB6C26EBD7FC0046355F /* CoreDataManager */ = {
			isa = PBXGroup;
			children = (
				A532AB6D26EBDA1C0046355F /* NSManagedObjectContextManager.swift */,
				A532AB4226E229E90046355F /* CoreDataManager.swift */,
				A54A6F182796EF8D00AA83A3 /* CatalogueModel_18_01_22.xcdatamodeld */,
				A532AB7226FA57E70046355F /* CatalogueElementTypeList.swift */,
			);
			path = CoreDataManager;
			sourceTree = "<group>";
		};
		A532AB7426FA5E310046355F /* ElementsModule */ = {
			isa = PBXGroup;
			children = (
				A532AB7826FA5E6A0046355F /* Model */,
				A532AB7726FA5E610046355F /* Presenter */,
				A532AB7626FA5E5A0046355F /* View */,
			);
			path = ElementsModule;
			sourceTree = "<group>";
		};
		A532AB7526FA5E470046355F /* ElementDetailModule */ = {
			isa = PBXGroup;
			children = (
				A532AB7B26FA5E880046355F /* Model */,
				A532AB7A26FA5E7F0046355F /* Presenter */,
				A532AB7926FA5E740046355F /* View */,
			);
			path = ElementDetailModule;
			sourceTree = "<group>";
		};
		A532AB7626FA5E5A0046355F /* View */ = {
			isa = PBXGroup;
			children = (
				A532AB8126FCE7470046355F /* ElementViewController.swift */,
				A5F6324F270F497C00ADB361 /* ElementCustomTableViewCell.swift */,
				A532AB8226FCE7470046355F /* ElementViewController.xib */,
				A5F63250270F497C00ADB361 /* ElementCustomTableViewCell.xib */,
			);
			path = View;
			sourceTree = "<group>";
		};
		A532AB7726FA5E610046355F /* Presenter */ = {
			isa = PBXGroup;
			children = (
				A5E844BA26FCE7E200949F62 /* ElementPresenter.swift */,
			);
			path = Presenter;
			sourceTree = "<group>";
		};
		A532AB7826FA5E6A0046355F /* Model */ = {
			isa = PBXGroup;
			children = (
			);
			path = Model;
			sourceTree = "<group>";
		};
		A532AB7926FA5E740046355F /* View */ = {
			isa = PBXGroup;
			children = (
				A5E844BC26FCE80300949F62 /* ElementDetailViewController.swift */,
				A5E844BD26FCE80300949F62 /* ElementDetailViewController.xib */,
			);
			path = View;
			sourceTree = "<group>";
		};
		A532AB7A26FA5E7F0046355F /* Presenter */ = {
			isa = PBXGroup;
			children = (
				A5E844C026FCE82100949F62 /* ElementDetailPresenter.swift */,
			);
			path = Presenter;
			sourceTree = "<group>";
		};
		A532AB7B26FA5E880046355F /* Model */ = {
			isa = PBXGroup;
			children = (
			);
			path = Model;
			sourceTree = "<group>";
		};
		A532AB7C26FA5EBC0046355F /* Model */ = {
			isa = PBXGroup;
			children = (
			);
			path = Model;
			sourceTree = "<group>";
		};
		A532AB7D26FA5EC40046355F /* Presenter */ = {
			isa = PBXGroup;
			children = (
				A5E844C626FCE87900949F62 /* DataDetailPresenter.swift */,
			);
			path = Presenter;
			sourceTree = "<group>";
		};
		A532AB7E26FA5ECE0046355F /* View */ = {
			isa = PBXGroup;
			children = (
				A5E844C226FCE86800949F62 /* DataDetailViewController.swift */,
				A5E844C326FCE86900949F62 /* DataDetailViewController.xib */,
			);
			path = View;
			sourceTree = "<group>";
		};
		A54A6F0E27834F2200AA83A3 /* ElementEditModule */ = {
			isa = PBXGroup;
			children = (
				A54A6F1127834F7000AA83A3 /* Presenter */,
				A54A6F1027834F6800AA83A3 /* View */,
				A54A6F0F27834F5B00AA83A3 /* Model */,
			);
			path = ElementEditModule;
			sourceTree = "<group>";
		};
		A54A6F0F27834F5B00AA83A3 /* Model */ = {
			isa = PBXGroup;
			children = (
			);
			path = Model;
			sourceTree = "<group>";
		};
		A54A6F1027834F6800AA83A3 /* View */ = {
			isa = PBXGroup;
			children = (
				A54A6F1427834FB900AA83A3 /* ElementEditViewController.swift */,
				A54A6F1527834FB900AA83A3 /* ElementEditViewController.xib */,
			);
			path = View;
			sourceTree = "<group>";
		};
		A54A6F1127834F7000AA83A3 /* Presenter */ = {
			isa = PBXGroup;
			children = (
				A54A6F1227834F9200AA83A3 /* ElementEditPresenter.swift */,
			);
			path = Presenter;
			sourceTree = "<group>";
		};
		A550CCB42935EA440007FE28 /* ShareDatabaseModule */ = {
			isa = PBXGroup;
			children = (
				A550CCB72935EA980007FE28 /* Model */,
				A550CCB62935EA860007FE28 /* View */,
				A550CCB52935EA780007FE28 /* Presenter */,
			);
			path = ShareDatabaseModule;
			sourceTree = "<group>";
		};
		A550CCB52935EA780007FE28 /* Presenter */ = {
			isa = PBXGroup;
			children = (
				A550CCBA2935EB210007FE28 /* ShareDatabaseModulePresenter.swift */,
			);
			path = Presenter;
			sourceTree = "<group>";
		};
		A550CCB62935EA860007FE28 /* View */ = {
			isa = PBXGroup;
			children = (
				A550CCB82935EB000007FE28 /* ShareDatabaseModule.swift */,
			);
			path = View;
			sourceTree = "<group>";
		};
		A550CCB72935EA980007FE28 /* Model */ = {
			isa = PBXGroup;
			children = (
			);
			path = Model;
			sourceTree = "<group>";
		};
		A5CBCA2328B7E0FF0058CE06 /* AutoCataloguerTests */ = {
			isa = PBXGroup;
			children = (
				A578982128B7E8C30033D00A /* ValidationManagerTest.swift */,
				A58D614428DC2517005C37D4 /* DataManagerTest.swift */,
				A5750C3728CC8C200096B86B /* KeyChainManagerTest.swift */,
				A5750C3528C077820096B86B /* UserDataManagerTest.swift */,
				A5750C3928D32A010096B86B /* AlertControllerManagerTest.swift */,
				A5CBCA2428B7E0FF0058CE06 /* AutoCataloguerTests.swift */,
				A5CEAF472919885A009EB3F9 /* FireBaseAuthManagerTest.swift */,
			);
			path = AutoCataloguerTests;
			sourceTree = "<group>";
		};
		A5F63245270C554E00ADB361 /* EditCatalogueModule */ = {
			isa = PBXGroup;
			children = (
				A5F63247270C558800ADB361 /* Model */,
				A5F63248270C559500ADB361 /* Presenter */,
				A5F63246270C556B00ADB361 /* View */,
			);
			path = EditCatalogueModule;
			sourceTree = "<group>";
		};
		A5F63246270C556B00ADB361 /* View */ = {
			isa = PBXGroup;
			children = (
				A5F63249270C55C100ADB361 /* EditCatalogueViewController.swift */,
				A5F6324A270C55C100ADB361 /* EditCatalogueViewController.xib */,
			);
			path = View;
			sourceTree = "<group>";
		};
		A5F63247270C558800ADB361 /* Model */ = {
			isa = PBXGroup;
			children = (
			);
			path = Model;
			sourceTree = "<group>";
		};
		A5F63248270C559500ADB361 /* Presenter */ = {
			isa = PBXGroup;
			children = (
				A5F6324D270C55E000ADB361 /* EditCataloguePresenter.swift */,
			);
			path = Presenter;
			sourceTree = "<group>";
		};
		A5F63253271256A800ADB361 /* NewElementModule */ = {
			isa = PBXGroup;
			children = (
				A5F63256271256D300ADB361 /* Presenter */,
				A5F63255271256CA00ADB361 /* View */,
				A5F63254271256C000ADB361 /* Model */,
			);
			path = NewElementModule;
			sourceTree = "<group>";
		};
		A5F63254271256C000ADB361 /* Model */ = {
			isa = PBXGroup;
			children = (
			);
			path = Model;
			sourceTree = "<group>";
		};
		A5F63255271256CA00ADB361 /* View */ = {
			isa = PBXGroup;
			children = (
				A5F632592712571400ADB361 /* NewElementViewController.swift */,
				A5F6325A2712571400ADB361 /* NewElementViewController.xib */,
			);
			path = View;
			sourceTree = "<group>";
		};
		A5F63256271256D300ADB361 /* Presenter */ = {
			isa = PBXGroup;
			children = (
				A5F63257271256EF00ADB361 /* NewElementPresenter.swift */,
			);
			path = Presenter;
			sourceTree = "<group>";
		};
		EED3C5096DDEEFD93F8B9FBC /* Pods */ = {
			isa = PBXGroup;
			children = (
				1342BB342DDF763C42D02E51 /* Pods-AutoCataloguer.debug.xcconfig */,
				CF49513C1B1C477A4412E3E6 /* Pods-AutoCataloguer.release.xcconfig */,
				042400D752419D67FF696A62 /* Pods-AutoCataloguer-AutoCataloguerUITests.debug.xcconfig */,
				9AA3667D08560F7DF3ACF6ED /* Pods-AutoCataloguer-AutoCataloguerUITests.release.xcconfig */,
				DC90C03E58C02DD56925AA88 /* Pods-AutoCataloguerTests.debug.xcconfig */,
				5BE4FA1A8C313A4E08652C02 /* Pods-AutoCataloguerTests.release.xcconfig */,
			);
			path = Pods;
			sourceTree = "<group>";
		};
		F7B7EE47FD9BD88DBC9D5F6E /* Frameworks */ = {
			isa = PBXGroup;
			children = (
				A520B358286481B90081C47B /* CloudKit.framework */,
				B2ECA78708E32C472623F07C /* Pods_AutoCataloguer.framework */,
				10089C88A8E633C4F9C014C0 /* Pods_AutoCataloguer_AutoCataloguerUITests.framework */,
				7DE1BCEDCFAE80AE04EEFE1C /* Pods_AutoCataloguerTests.framework */,
			);
			name = Frameworks;
			sourceTree = "<group>";
		};
/* End PBXGroup section */

/* Begin PBXNativeTarget section */
		A532AAD326E151BC0046355F /* AutoCataloguer */ = {
			isa = PBXNativeTarget;
			buildConfigurationList = A532AAFE26E151BE0046355F /* Build configuration list for PBXNativeTarget "AutoCataloguer" */;
			buildPhases = (
				7D9BDF30D7E52F0CED017893 /* [CP] Check Pods Manifest.lock */,
				A532AAD026E151BC0046355F /* Sources */,
				A532AAD126E151BC0046355F /* Frameworks */,
				A532AAD226E151BC0046355F /* Resources */,
				8200FD82072F5C9C126F47F3 /* [CP] Embed Pods Frameworks */,
				12F5D4541580CCAF25A57955 /* [CP] Copy Pods Resources */,
			);
			buildRules = (
			);
			dependencies = (
			);
			name = AutoCataloguer;
			productName = AutoCataloguer;
			productReference = A532AAD426E151BC0046355F /* AutoCataloguer.app */;
			productType = "com.apple.product-type.application";
		};
		A5CBCA2128B7E0FF0058CE06 /* AutoCataloguerTests */ = {
			isa = PBXNativeTarget;
			buildConfigurationList = A5CBCA2828B7E0FF0058CE06 /* Build configuration list for PBXNativeTarget "AutoCataloguerTests" */;
			buildPhases = (
				3714BF5CC9782C7D455F9801 /* [CP] Check Pods Manifest.lock */,
				A5CBCA1E28B7E0FF0058CE06 /* Sources */,
				A5CBCA1F28B7E0FF0058CE06 /* Frameworks */,
				A5CBCA2028B7E0FF0058CE06 /* Resources */,
				71B46B1B8B5C277145FB96EF /* [CP] Embed Pods Frameworks */,
				A809BCE9C170234AD0CA41C3 /* [CP] Copy Pods Resources */,
			);
			buildRules = (
			);
			dependencies = (
				A5CBCA2728B7E0FF0058CE06 /* PBXTargetDependency */,
			);
			name = AutoCataloguerTests;
			productName = AutoCataloguerTests;
			productReference = A5CBCA2228B7E0FF0058CE06 /* AutoCataloguerTests.xctest */;
			productType = "com.apple.product-type.bundle.unit-test";
		};
/* End PBXNativeTarget section */

/* Begin PBXProject section */
		A532AACC26E151BC0046355F /* Project object */ = {
			isa = PBXProject;
			attributes = {
				LastSwiftUpdateCheck = 1340;
				LastUpgradeCheck = 1250;
				TargetAttributes = {
					A532AAD326E151BC0046355F = {
						CreatedOnToolsVersion = 12.5.1;
					};
					A5CBCA2128B7E0FF0058CE06 = {
						CreatedOnToolsVersion = 13.4.1;
						TestTargetID = A532AAD326E151BC0046355F;
					};
				};
			};
			buildConfigurationList = A532AACF26E151BC0046355F /* Build configuration list for PBXProject "AutoCataloguer" */;
			compatibilityVersion = "Xcode 9.3";
			developmentRegion = en;
			hasScannedForEncodings = 0;
			knownRegions = (
				en,
				Base,
			);
			mainGroup = A532AACB26E151BC0046355F;
			productRefGroup = A532AAD526E151BC0046355F /* Products */;
			projectDirPath = "";
			projectRoot = "";
			targets = (
				A532AAD326E151BC0046355F /* AutoCataloguer */,
				A5CBCA2128B7E0FF0058CE06 /* AutoCataloguerTests */,
			);
		};
/* End PBXProject section */

/* Begin PBXResourcesBuildPhase section */
		A532AAD226E151BC0046355F /* Resources */ = {
			isa = PBXResourcesBuildPhase;
			buildActionMask = 2147483647;
			files = (
				A5F6325C2712571400ADB361 /* NewElementViewController.xib in Resources */,
				A532AAE426E151BE0046355F /* LaunchScreen.storyboard in Resources */,
				A532AB4F26E22B910046355F /* GoogleService-Info.plist in Resources */,
				A54A6F1727834FB900AA83A3 /* ElementEditViewController.xib in Resources */,
				A5F6324C270C55C100ADB361 /* EditCatalogueViewController.xib in Resources */,
				A532AB3A26E224800046355F /* DataViewController.xib in Resources */,
				A532AB8426FCE7470046355F /* ElementViewController.xib in Resources */,
				A532AAE126E151BE0046355F /* Assets.xcassets in Resources */,
				A532AADF26E151BC0046355F /* Main.storyboard in Resources */,
				A53060042798193400E55A1C /* PhotoViewController.xib in Resources */,
				A532AB3426E224600046355F /* NewCatalogueViewController.xib in Resources */,
				A532AB1A26E157DF0046355F /* MainViewController.xib in Resources */,
				A5E844BF26FCE80300949F62 /* ElementDetailViewController.xib in Resources */,
				A5E844C526FCE86900949F62 /* DataDetailViewController.xib in Resources */,
				A5F63252270F497C00ADB361 /* ElementCustomTableViewCell.xib in Resources */,
				A532AB2E26E2243D0046355F /* SettingsViewController.xib in Resources */,
				A51CFA3926FF9BBC00AB1041 /* DataCustomTableViewCell.xib in Resources */,
				A532AB5F26E656B00046355F /* LoginViewController.xib in Resources */,
			);
			runOnlyForDeploymentPostprocessing = 0;
		};
		A5CBCA2028B7E0FF0058CE06 /* Resources */ = {
			isa = PBXResourcesBuildPhase;
			buildActionMask = 2147483647;
			files = (
			);
			runOnlyForDeploymentPostprocessing = 0;
		};
/* End PBXResourcesBuildPhase section */

/* Begin PBXShellScriptBuildPhase section */
		12F5D4541580CCAF25A57955 /* [CP] Copy Pods Resources */ = {
			isa = PBXShellScriptBuildPhase;
			buildActionMask = 2147483647;
			files = (
			);
			inputFileListPaths = (
				"${PODS_ROOT}/Target Support Files/Pods-AutoCataloguer/Pods-AutoCataloguer-resources-${CONFIGURATION}-input-files.xcfilelist",
			);
			name = "[CP] Copy Pods Resources";
			outputFileListPaths = (
				"${PODS_ROOT}/Target Support Files/Pods-AutoCataloguer/Pods-AutoCataloguer-resources-${CONFIGURATION}-output-files.xcfilelist",
			);
			runOnlyForDeploymentPostprocessing = 0;
			shellPath = /bin/sh;
			shellScript = "\"${PODS_ROOT}/Target Support Files/Pods-AutoCataloguer/Pods-AutoCataloguer-resources.sh\"\n";
			showEnvVarsInLog = 0;
		};
		3714BF5CC9782C7D455F9801 /* [CP] Check Pods Manifest.lock */ = {
			isa = PBXShellScriptBuildPhase;
			buildActionMask = 2147483647;
			files = (
			);
			inputFileListPaths = (
			);
			inputPaths = (
				"${PODS_PODFILE_DIR_PATH}/Podfile.lock",
				"${PODS_ROOT}/Manifest.lock",
			);
			name = "[CP] Check Pods Manifest.lock";
			outputFileListPaths = (
			);
			outputPaths = (
				"$(DERIVED_FILE_DIR)/Pods-AutoCataloguerTests-checkManifestLockResult.txt",
			);
			runOnlyForDeploymentPostprocessing = 0;
			shellPath = /bin/sh;
			shellScript = "diff \"${PODS_PODFILE_DIR_PATH}/Podfile.lock\" \"${PODS_ROOT}/Manifest.lock\" > /dev/null\nif [ $? != 0 ] ; then\n    # print error to STDERR\n    echo \"error: The sandbox is not in sync with the Podfile.lock. Run 'pod install' or update your CocoaPods installation.\" >&2\n    exit 1\nfi\n# This output is used by Xcode 'outputs' to avoid re-running this script phase.\necho \"SUCCESS\" > \"${SCRIPT_OUTPUT_FILE_0}\"\n";
			showEnvVarsInLog = 0;
		};
		71B46B1B8B5C277145FB96EF /* [CP] Embed Pods Frameworks */ = {
			isa = PBXShellScriptBuildPhase;
			buildActionMask = 2147483647;
			files = (
			);
			inputFileListPaths = (
				"${PODS_ROOT}/Target Support Files/Pods-AutoCataloguerTests/Pods-AutoCataloguerTests-frameworks-${CONFIGURATION}-input-files.xcfilelist",
			);
			name = "[CP] Embed Pods Frameworks";
			outputFileListPaths = (
				"${PODS_ROOT}/Target Support Files/Pods-AutoCataloguerTests/Pods-AutoCataloguerTests-frameworks-${CONFIGURATION}-output-files.xcfilelist",
			);
			runOnlyForDeploymentPostprocessing = 0;
			shellPath = /bin/sh;
			shellScript = "\"${PODS_ROOT}/Target Support Files/Pods-AutoCataloguerTests/Pods-AutoCataloguerTests-frameworks.sh\"\n";
			showEnvVarsInLog = 0;
		};
		7D9BDF30D7E52F0CED017893 /* [CP] Check Pods Manifest.lock */ = {
			isa = PBXShellScriptBuildPhase;
			buildActionMask = 2147483647;
			files = (
			);
			inputFileListPaths = (
			);
			inputPaths = (
				"${PODS_PODFILE_DIR_PATH}/Podfile.lock",
				"${PODS_ROOT}/Manifest.lock",
			);
			name = "[CP] Check Pods Manifest.lock";
			outputFileListPaths = (
			);
			outputPaths = (
				"$(DERIVED_FILE_DIR)/Pods-AutoCataloguer-checkManifestLockResult.txt",
			);
			runOnlyForDeploymentPostprocessing = 0;
			shellPath = /bin/sh;
			shellScript = "diff \"${PODS_PODFILE_DIR_PATH}/Podfile.lock\" \"${PODS_ROOT}/Manifest.lock\" > /dev/null\nif [ $? != 0 ] ; then\n    # print error to STDERR\n    echo \"error: The sandbox is not in sync with the Podfile.lock. Run 'pod install' or update your CocoaPods installation.\" >&2\n    exit 1\nfi\n# This output is used by Xcode 'outputs' to avoid re-running this script phase.\necho \"SUCCESS\" > \"${SCRIPT_OUTPUT_FILE_0}\"\n";
			showEnvVarsInLog = 0;
		};
		8200FD82072F5C9C126F47F3 /* [CP] Embed Pods Frameworks */ = {
			isa = PBXShellScriptBuildPhase;
			buildActionMask = 2147483647;
			files = (
			);
			inputFileListPaths = (
				"${PODS_ROOT}/Target Support Files/Pods-AutoCataloguer/Pods-AutoCataloguer-frameworks-${CONFIGURATION}-input-files.xcfilelist",
			);
			name = "[CP] Embed Pods Frameworks";
			outputFileListPaths = (
				"${PODS_ROOT}/Target Support Files/Pods-AutoCataloguer/Pods-AutoCataloguer-frameworks-${CONFIGURATION}-output-files.xcfilelist",
			);
			runOnlyForDeploymentPostprocessing = 0;
			shellPath = /bin/sh;
			shellScript = "\"${PODS_ROOT}/Target Support Files/Pods-AutoCataloguer/Pods-AutoCataloguer-frameworks.sh\"\n";
			showEnvVarsInLog = 0;
		};
		A809BCE9C170234AD0CA41C3 /* [CP] Copy Pods Resources */ = {
			isa = PBXShellScriptBuildPhase;
			buildActionMask = 2147483647;
			files = (
			);
			inputFileListPaths = (
				"${PODS_ROOT}/Target Support Files/Pods-AutoCataloguerTests/Pods-AutoCataloguerTests-resources-${CONFIGURATION}-input-files.xcfilelist",
			);
			name = "[CP] Copy Pods Resources";
			outputFileListPaths = (
				"${PODS_ROOT}/Target Support Files/Pods-AutoCataloguerTests/Pods-AutoCataloguerTests-resources-${CONFIGURATION}-output-files.xcfilelist",
			);
			runOnlyForDeploymentPostprocessing = 0;
			shellPath = /bin/sh;
			shellScript = "\"${PODS_ROOT}/Target Support Files/Pods-AutoCataloguerTests/Pods-AutoCataloguerTests-resources.sh\"\n";
			showEnvVarsInLog = 0;
		};
/* End PBXShellScriptBuildPhase section */

/* Begin PBXSourcesBuildPhase section */
		A532AAD026E151BC0046355F /* Sources */ = {
			isa = PBXSourcesBuildPhase;
			buildActionMask = 2147483647;
			files = (
				A5E844C926FCE8B800949F62 /* DataPresenter.swift in Sources */,
				A532AB4926E22A150046355F /* ValidationManager.swift in Sources */,
				A532AB1126E154DB0046355F /* Router.swift in Sources */,
				A532AADC26E151BC0046355F /* ViewController.swift in Sources */,
				A532AB8026FA5F7F0046355F /* NewCataloguePresenter.swift in Sources */,
				A532AB6E26EBDA1C0046355F /* NSManagedObjectContextManager.swift in Sources */,
				A53060062798194900E55A1C /* PhotoPresenter.swift in Sources */,
				A5E844C426FCE86900949F62 /* DataDetailViewController.swift in Sources */,
				A550CCBB2935EB210007FE28 /* ShareDatabaseModulePresenter.swift in Sources */,
				A54A6F1627834FB900AA83A3 /* ElementEditViewController.swift in Sources */,
				A532AB4026E229640046355F /* FireBaseAuthManager.swift in Sources */,
				A54A6F1327834F9200AA83A3 /* ElementEditPresenter.swift in Sources */,
				A532AB7326FA57E70046355F /* CatalogueElementTypeList.swift in Sources */,
				A532AB6226E656C50046355F /* LoginPresenter.swift in Sources */,
				A53060032798193400E55A1C /* PhotoViewController.swift in Sources */,
				A5E844C726FCE87900949F62 /* DataDetailPresenter.swift in Sources */,
				A532AB5D26E656B00046355F /* LoginViewController.swift in Sources */,
				A532AB6826E7CC530046355F /* UserAuthDataModel.swift in Sources */,
				A5E844BB26FCE7E200949F62 /* ElementPresenter.swift in Sources */,
				A532AB4C26E22A2A0046355F /* UserDataManager.swift in Sources */,
				A532AB3826E224800046355F /* DataViewController.swift in Sources */,
				A5F6324E270C55E000ADB361 /* EditCataloguePresenter.swift in Sources */,
				A532AAD826E151BC0046355F /* AppDelegate.swift in Sources */,
				A532AB1826E157DF0046355F /* MainViewController.swift in Sources */,
				A5E844BE26FCE80300949F62 /* ElementDetailViewController.swift in Sources */,
				A5E844C126FCE82100949F62 /* ElementDetailPresenter.swift in Sources */,
				A5F6325B2712571400ADB361 /* NewElementViewController.swift in Sources */,
				A51CFA3826FF9BBC00AB1041 /* DataCustomTableViewCell.swift in Sources */,
				A532AB1426E155C30046355F /* ModuleBuilder.swift in Sources */,
				A532AB4326E229EA0046355F /* CoreDataManager.swift in Sources */,
				A5F63258271256F000ADB361 /* NewElementPresenter.swift in Sources */,
				A5F6324B270C55C100ADB361 /* EditCatalogueViewController.swift in Sources */,
				A532AB2126E1FF6D0046355F /* MainModulePresenter.swift in Sources */,
				A51CFA3126FF3D7500AB1041 /* DataManager.swift in Sources */,
				A5F63251270F497C00ADB361 /* ElementCustomTableViewCell.swift in Sources */,
				A532AB3D26E228710046355F /* SettingsPresenter.swift in Sources */,
				A5DF44272A02637900491528 /* ShareManager.swift in Sources */,
				A532AB8326FCE7470046355F /* ElementViewController.swift in Sources */,
				A532AADA26E151BC0046355F /* SceneDelegate.swift in Sources */,
				A5A6AEA327A000500038F82D /* DisplayedElements.swift in Sources */,
				A532AB5226E22C240046355F /* StringTypeList.swift in Sources */,
				A550CCBD293896610007FE28 /* InterfaceProperty.swift in Sources */,
				A532AB5526E22C420046355F /* ErrorsList.swift in Sources */,
				A532AB2C26E2243D0046355F /* SettingsViewController.swift in Sources */,
				A532AB4626E22A000046355F /* AlertControllerManager.swift in Sources */,
				A550CCB92935EB000007FE28 /* ShareDatabaseModule.swift in Sources */,
				A54A6F1B2796EF8D00AA83A3 /* CatalogueModel_18_01_22.xcdatamodeld in Sources */,
				A532AB6526E78D4F0046355F /* KeyChainManager.swift in Sources */,
				A532AB3226E224600046355F /* NewCatalogueViewController.swift in Sources */,
			);
			runOnlyForDeploymentPostprocessing = 0;
		};
		A5CBCA1E28B7E0FF0058CE06 /* Sources */ = {
			isa = PBXSourcesBuildPhase;
			buildActionMask = 2147483647;
			files = (
				A5CEAF482919885A009EB3F9 /* FireBaseAuthManagerTest.swift in Sources */,
				A5750C3628C077820096B86B /* UserDataManagerTest.swift in Sources */,
				A578982228B7E8C30033D00A /* ValidationManagerTest.swift in Sources */,
				A5750C3A28D32A010096B86B /* AlertControllerManagerTest.swift in Sources */,
				A58D614528DC2517005C37D4 /* DataManagerTest.swift in Sources */,
				A5CBCA2528B7E0FF0058CE06 /* AutoCataloguerTests.swift in Sources */,
				A5750C3828CC8C200096B86B /* KeyChainManagerTest.swift in Sources */,
			);
			runOnlyForDeploymentPostprocessing = 0;
		};
/* End PBXSourcesBuildPhase section */

/* Begin PBXTargetDependency section */
		A5CBCA2728B7E0FF0058CE06 /* PBXTargetDependency */ = {
			isa = PBXTargetDependency;
			target = A532AAD326E151BC0046355F /* AutoCataloguer */;
			targetProxy = A5CBCA2628B7E0FF0058CE06 /* PBXContainerItemProxy */;
		};
/* End PBXTargetDependency section */

/* Begin PBXVariantGroup section */
		A532AADD26E151BC0046355F /* Main.storyboard */ = {
			isa = PBXVariantGroup;
			children = (
				A532AADE26E151BC0046355F /* Base */,
			);
			name = Main.storyboard;
			sourceTree = "<group>";
		};
		A532AAE226E151BE0046355F /* LaunchScreen.storyboard */ = {
			isa = PBXVariantGroup;
			children = (
				A532AAE326E151BE0046355F /* Base */,
			);
			name = LaunchScreen.storyboard;
			sourceTree = "<group>";
		};
/* End PBXVariantGroup section */

/* Begin XCBuildConfiguration section */
		A532AAFC26E151BE0046355F /* Debug */ = {
			isa = XCBuildConfiguration;
			buildSettings = {
				ALWAYS_SEARCH_USER_PATHS = NO;
				CLANG_ANALYZER_NONNULL = YES;
				CLANG_ANALYZER_NUMBER_OBJECT_CONVERSION = YES_AGGRESSIVE;
				CLANG_CXX_LANGUAGE_STANDARD = "gnu++14";
				CLANG_CXX_LIBRARY = "libc++";
				CLANG_ENABLE_MODULES = YES;
				CLANG_ENABLE_OBJC_ARC = YES;
				CLANG_ENABLE_OBJC_WEAK = YES;
				CLANG_WARN_BLOCK_CAPTURE_AUTORELEASING = YES;
				CLANG_WARN_BOOL_CONVERSION = YES;
				CLANG_WARN_COMMA = YES;
				CLANG_WARN_CONSTANT_CONVERSION = YES;
				CLANG_WARN_DEPRECATED_OBJC_IMPLEMENTATIONS = YES;
				CLANG_WARN_DIRECT_OBJC_ISA_USAGE = YES_ERROR;
				CLANG_WARN_DOCUMENTATION_COMMENTS = YES;
				CLANG_WARN_EMPTY_BODY = YES;
				CLANG_WARN_ENUM_CONVERSION = YES;
				CLANG_WARN_INFINITE_RECURSION = YES;
				CLANG_WARN_INT_CONVERSION = YES;
				CLANG_WARN_NON_LITERAL_NULL_CONVERSION = YES;
				CLANG_WARN_OBJC_IMPLICIT_RETAIN_SELF = YES;
				CLANG_WARN_OBJC_LITERAL_CONVERSION = YES;
				CLANG_WARN_OBJC_ROOT_CLASS = YES_ERROR;
				CLANG_WARN_QUOTED_INCLUDE_IN_FRAMEWORK_HEADER = YES;
				CLANG_WARN_RANGE_LOOP_ANALYSIS = YES;
				CLANG_WARN_STRICT_PROTOTYPES = YES;
				CLANG_WARN_SUSPICIOUS_MOVE = YES;
				CLANG_WARN_UNGUARDED_AVAILABILITY = YES_AGGRESSIVE;
				CLANG_WARN_UNREACHABLE_CODE = YES;
				CLANG_WARN__DUPLICATE_METHOD_MATCH = YES;
				COPY_PHASE_STRIP = NO;
				DEBUG_INFORMATION_FORMAT = dwarf;
				ENABLE_STRICT_OBJC_MSGSEND = YES;
				ENABLE_TESTABILITY = YES;
				"EXCLUDED_ARCHS[sdk=iphonesimulator*]" = arm64;
				GCC_C_LANGUAGE_STANDARD = gnu11;
				GCC_DYNAMIC_NO_PIC = NO;
				GCC_NO_COMMON_BLOCKS = YES;
				GCC_OPTIMIZATION_LEVEL = 0;
				GCC_PREPROCESSOR_DEFINITIONS = (
					"DEBUG=1",
					"$(inherited)",
				);
				GCC_WARN_64_TO_32_BIT_CONVERSION = YES;
				GCC_WARN_ABOUT_RETURN_TYPE = YES_ERROR;
				GCC_WARN_UNDECLARED_SELECTOR = YES;
				GCC_WARN_UNINITIALIZED_AUTOS = YES_AGGRESSIVE;
				GCC_WARN_UNUSED_FUNCTION = YES;
				GCC_WARN_UNUSED_VARIABLE = YES;
				IPHONEOS_DEPLOYMENT_TARGET = 14.5;
				MTL_ENABLE_DEBUG_INFO = INCLUDE_SOURCE;
				MTL_FAST_MATH = YES;
				ONLY_ACTIVE_ARCH = YES;
				SDKROOT = iphoneos;
				SWIFT_ACTIVE_COMPILATION_CONDITIONS = DEBUG;
				SWIFT_OPTIMIZATION_LEVEL = "-Onone";
			};
			name = Debug;
		};
		A532AAFD26E151BE0046355F /* Release */ = {
			isa = XCBuildConfiguration;
			buildSettings = {
				ALWAYS_SEARCH_USER_PATHS = NO;
				CLANG_ANALYZER_NONNULL = YES;
				CLANG_ANALYZER_NUMBER_OBJECT_CONVERSION = YES_AGGRESSIVE;
				CLANG_CXX_LANGUAGE_STANDARD = "gnu++14";
				CLANG_CXX_LIBRARY = "libc++";
				CLANG_ENABLE_MODULES = YES;
				CLANG_ENABLE_OBJC_ARC = YES;
				CLANG_ENABLE_OBJC_WEAK = YES;
				CLANG_WARN_BLOCK_CAPTURE_AUTORELEASING = YES;
				CLANG_WARN_BOOL_CONVERSION = YES;
				CLANG_WARN_COMMA = YES;
				CLANG_WARN_CONSTANT_CONVERSION = YES;
				CLANG_WARN_DEPRECATED_OBJC_IMPLEMENTATIONS = YES;
				CLANG_WARN_DIRECT_OBJC_ISA_USAGE = YES_ERROR;
				CLANG_WARN_DOCUMENTATION_COMMENTS = YES;
				CLANG_WARN_EMPTY_BODY = YES;
				CLANG_WARN_ENUM_CONVERSION = YES;
				CLANG_WARN_INFINITE_RECURSION = YES;
				CLANG_WARN_INT_CONVERSION = YES;
				CLANG_WARN_NON_LITERAL_NULL_CONVERSION = YES;
				CLANG_WARN_OBJC_IMPLICIT_RETAIN_SELF = YES;
				CLANG_WARN_OBJC_LITERAL_CONVERSION = YES;
				CLANG_WARN_OBJC_ROOT_CLASS = YES_ERROR;
				CLANG_WARN_QUOTED_INCLUDE_IN_FRAMEWORK_HEADER = YES;
				CLANG_WARN_RANGE_LOOP_ANALYSIS = YES;
				CLANG_WARN_STRICT_PROTOTYPES = YES;
				CLANG_WARN_SUSPICIOUS_MOVE = YES;
				CLANG_WARN_UNGUARDED_AVAILABILITY = YES_AGGRESSIVE;
				CLANG_WARN_UNREACHABLE_CODE = YES;
				CLANG_WARN__DUPLICATE_METHOD_MATCH = YES;
				COPY_PHASE_STRIP = NO;
				DEBUG_INFORMATION_FORMAT = "dwarf-with-dsym";
				ENABLE_NS_ASSERTIONS = NO;
				ENABLE_STRICT_OBJC_MSGSEND = YES;
				"EXCLUDED_ARCHS[sdk=iphonesimulator*]" = arm64;
				GCC_C_LANGUAGE_STANDARD = gnu11;
				GCC_NO_COMMON_BLOCKS = YES;
				GCC_WARN_64_TO_32_BIT_CONVERSION = YES;
				GCC_WARN_ABOUT_RETURN_TYPE = YES_ERROR;
				GCC_WARN_UNDECLARED_SELECTOR = YES;
				GCC_WARN_UNINITIALIZED_AUTOS = YES_AGGRESSIVE;
				GCC_WARN_UNUSED_FUNCTION = YES;
				GCC_WARN_UNUSED_VARIABLE = YES;
				IPHONEOS_DEPLOYMENT_TARGET = 14.5;
				MTL_ENABLE_DEBUG_INFO = NO;
				MTL_FAST_MATH = YES;
				SDKROOT = iphoneos;
				SWIFT_COMPILATION_MODE = wholemodule;
				SWIFT_OPTIMIZATION_LEVEL = "-O";
				VALIDATE_PRODUCT = YES;
			};
			name = Release;
		};
		A532AAFF26E151BE0046355F /* Debug */ = {
			isa = XCBuildConfiguration;
			baseConfigurationReference = 1342BB342DDF763C42D02E51 /* Pods-AutoCataloguer.debug.xcconfig */;
			buildSettings = {
				ASSETCATALOG_COMPILER_APPICON_NAME = AppIcon;
				ASSETCATALOG_COMPILER_GLOBAL_ACCENT_COLOR_NAME = AccentColor;
				CODE_SIGN_ENTITLEMENTS = AutoCataloguer/AutoCataloguer.entitlements;
				CODE_SIGN_STYLE = Automatic;
				DEVELOPMENT_TEAM = TWQL7PLAUC;
				"EXCLUDED_ARCHS[sdk=iphonesimulator*]" = arm64;
				INFOPLIST_FILE = AutoCataloguer/Info.plist;
				IPHONEOS_DEPLOYMENT_TARGET = 16.2;
				LD_RUNPATH_SEARCH_PATHS = (
					"$(inherited)",
					"@executable_path/Frameworks",
				);
				PRODUCT_BUNDLE_IDENTIFIER = "zvontsov-adadigital.ru.AutoCataloguer";
				PRODUCT_NAME = "$(TARGET_NAME)";
				SWIFT_VERSION = 5.0;
				TARGETED_DEVICE_FAMILY = "1,2";
			};
			name = Debug;
		};
		A532AB0026E151BE0046355F /* Release */ = {
			isa = XCBuildConfiguration;
			baseConfigurationReference = CF49513C1B1C477A4412E3E6 /* Pods-AutoCataloguer.release.xcconfig */;
			buildSettings = {
				ASSETCATALOG_COMPILER_APPICON_NAME = AppIcon;
				ASSETCATALOG_COMPILER_GLOBAL_ACCENT_COLOR_NAME = AccentColor;
				CODE_SIGN_ENTITLEMENTS = AutoCataloguer/AutoCataloguer.entitlements;
				CODE_SIGN_STYLE = Automatic;
				DEVELOPMENT_TEAM = TWQL7PLAUC;
				"EXCLUDED_ARCHS[sdk=iphonesimulator*]" = arm64;
				INFOPLIST_FILE = AutoCataloguer/Info.plist;
				IPHONEOS_DEPLOYMENT_TARGET = 16.2;
				LD_RUNPATH_SEARCH_PATHS = (
					"$(inherited)",
					"@executable_path/Frameworks",
				);
				ONLY_ACTIVE_ARCH = YES;
				PRODUCT_BUNDLE_IDENTIFIER = "zvontsov-adadigital.ru.AutoCataloguer";
				PRODUCT_NAME = "$(TARGET_NAME)";
				SWIFT_VERSION = 5.0;
				TARGETED_DEVICE_FAMILY = "1,2";
			};
			name = Release;
		};
		A5CBCA2928B7E0FF0058CE06 /* Debug */ = {
			isa = XCBuildConfiguration;
			baseConfigurationReference = DC90C03E58C02DD56925AA88 /* Pods-AutoCataloguerTests.debug.xcconfig */;
			buildSettings = {
				BUNDLE_LOADER = "$(TEST_HOST)";
				CLANG_CXX_LANGUAGE_STANDARD = "gnu++17";
				CODE_SIGN_STYLE = Automatic;
				CURRENT_PROJECT_VERSION = 1;
				DEVELOPMENT_TEAM = TWQL7PLAUC;
				GENERATE_INFOPLIST_FILE = YES;
				"HEADER_SEARCH_PATHS[arch=*]" = "\"${SRCROOT}/Pods/Firebase/CoreOnly/Sources\"";
				IPHONEOS_DEPLOYMENT_TARGET = 15.5;
				MARKETING_VERSION = 1.0;
				PRODUCT_BUNDLE_IDENTIFIER = "zvontsov-adadigital.ru.AutoCataloguerTests";
				PRODUCT_NAME = "$(TARGET_NAME)";
				SWIFT_EMIT_LOC_STRINGS = NO;
				SWIFT_VERSION = 5.0;
				TARGETED_DEVICE_FAMILY = "1,2";
				TEST_HOST = "$(BUILT_PRODUCTS_DIR)/AutoCataloguer.app/AutoCataloguer";
				"USER_HEADER_SEARCH_PATHS[arch=*]" = "\"${SRCROOT}/AutoCataloguer/**";
			};
			name = Debug;
		};
		A5CBCA2A28B7E0FF0058CE06 /* Release */ = {
			isa = XCBuildConfiguration;
			baseConfigurationReference = 5BE4FA1A8C313A4E08652C02 /* Pods-AutoCataloguerTests.release.xcconfig */;
			buildSettings = {
				BUNDLE_LOADER = "$(TEST_HOST)";
				CLANG_CXX_LANGUAGE_STANDARD = "gnu++17";
				CODE_SIGN_STYLE = Automatic;
				CURRENT_PROJECT_VERSION = 1;
				DEVELOPMENT_TEAM = TWQL7PLAUC;
				GENERATE_INFOPLIST_FILE = YES;
				"HEADER_SEARCH_PATHS[arch=*]" = "\"${SRCROOT}/Pods/Firebase/CoreOnly/Sources\"";
				IPHONEOS_DEPLOYMENT_TARGET = 15.5;
				MARKETING_VERSION = 1.0;
				PRODUCT_BUNDLE_IDENTIFIER = "zvontsov-adadigital.ru.AutoCataloguerTests";
				PRODUCT_NAME = "$(TARGET_NAME)";
				SWIFT_EMIT_LOC_STRINGS = NO;
				SWIFT_VERSION = 5.0;
				TARGETED_DEVICE_FAMILY = "1,2";
				TEST_HOST = "$(BUILT_PRODUCTS_DIR)/AutoCataloguer.app/AutoCataloguer";
			};
			name = Release;
		};
/* End XCBuildConfiguration section */

/* Begin XCConfigurationList section */
		A532AACF26E151BC0046355F /* Build configuration list for PBXProject "AutoCataloguer" */ = {
			isa = XCConfigurationList;
			buildConfigurations = (
				A532AAFC26E151BE0046355F /* Debug */,
				A532AAFD26E151BE0046355F /* Release */,
			);
			defaultConfigurationIsVisible = 0;
			defaultConfigurationName = Release;
		};
		A532AAFE26E151BE0046355F /* Build configuration list for PBXNativeTarget "AutoCataloguer" */ = {
			isa = XCConfigurationList;
			buildConfigurations = (
				A532AAFF26E151BE0046355F /* Debug */,
				A532AB0026E151BE0046355F /* Release */,
			);
			defaultConfigurationIsVisible = 0;
			defaultConfigurationName = Release;
		};
		A5CBCA2828B7E0FF0058CE06 /* Build configuration list for PBXNativeTarget "AutoCataloguerTests" */ = {
			isa = XCConfigurationList;
			buildConfigurations = (
				A5CBCA2928B7E0FF0058CE06 /* Debug */,
				A5CBCA2A28B7E0FF0058CE06 /* Release */,
			);
			defaultConfigurationIsVisible = 0;
			defaultConfigurationName = Release;
		};
/* End XCConfigurationList section */

/* Begin XCVersionGroup section */
		A54A6F182796EF8D00AA83A3 /* CatalogueModel_18_01_22.xcdatamodeld */ = {
			isa = XCVersionGroup;
			children = (
				A5A6AEA427A00DD90038F82D /* CatalogueModel_18_01_ 3.xcdatamodel */,
				A54A6F192796EF8D00AA83A3 /* CatalogueModel.xcdatamodel */,
				A54A6F1A2796EF8D00AA83A3 /* CatalogueModel_18_01_ 2.xcdatamodel */,
			);
			currentVersion = A5A6AEA427A00DD90038F82D /* CatalogueModel_18_01_ 3.xcdatamodel */;
			path = CatalogueModel_18_01_22.xcdatamodeld;
			sourceTree = "<group>";
			usesTabs = 0;
			versionGroupType = wrapper.xcdatamodel;
		};
/* End XCVersionGroup section */
	};
	rootObject = A532AACC26E151BC0046355F /* Project object */;
}
